
Microsoft Visual Studio Solution File, Format Version 12.00
# Visual Studio Version 17
VisualStudioVersion = 17.9.34622.214
MinimumVisualStudioVersion = 10.0.40219.1
Project("{9A19103F-16F7-4668-BE54-9A1E7A4F7556}") = "NetGore", "NetGore\NetGore.csproj", "{3E3BDE71-9A29-4743-B347-1DC0B99E4E1B}"
EndProject
Project("{9A19103F-16F7-4668-BE54-9A1E7A4F7556}") = "NetGore.Tests", "NetGore.Tests\NetGore.Tests.csproj", "{A01ECCB4-1A90-4790-9A0E-F4B45F4D844B}"
EndProject
Project("{9A19103F-16F7-4668-BE54-9A1E7A4F7556}") = "NetGore.Db", "NetGore.Db\NetGore.Db.csproj", "{25BDAE41-4A45-40A8-B151-3D78BAD33194}"
EndProject
Project("{9A19103F-16F7-4668-BE54-9A1E7A4F7556}") = "NetGore.Features", "NetGore.Features\NetGore.Features.csproj", "{24064304-FA4C-4D43-8CC8-02D671AA6D45}"
EndProject
Project("{2150E333-8FDC-42A3-9474-1A3956D46DE8}") = "Lidgren", "Lidgren", "{3C85DBFE-6EF8-4287-82A4-0FB53ED21679}"
EndProject
Project("{9A19103F-16F7-4668-BE54-9A1E7A4F7556}") = "Lidgren.Network", "Lidgren\Lidgren.Network\Lidgren.Network.csproj", "{043C2FBC-8647-42B1-88BA-A55E0C234753}"
EndProject
Project("{9A19103F-16F7-4668-BE54-9A1E7A4F7556}") = "NetGore.Core", "NetGore.Core\NetGore.Core.csproj", "{C9F5D27F-8A04-445D-9B76-6AEA38F2A8EA}"
EndProject
Project("{9A19103F-16F7-4668-BE54-9A1E7A4F7556}") = "NetGore.CLI", "NetGore.CLI\NetGore.CLI.csproj", "{EC368F4C-C405-4896-A8B6-5382D99F4B24}"
EndProject
Project("{9A19103F-16F7-4668-BE54-9A1E7A4F7556}") = "NetGore.Database", "NetGore.Database\NetGore.Database.csproj", "{59359454-5DF8-4C9A-94CE-67D0A6B7284D}"
EndProject
Project("{FAE04EC0-301F-11D3-BF4B-00C04F79EFBC}") = "NetGore.Core.Tests", "NetGore.Core.Tests\NetGore.Core.Tests.csproj", "{00751636-40FA-4677-981A-3D3743F3F15C}"
EndProject
Global
	GlobalSection(SolutionConfigurationPlatforms) = preSolution
		Debug|Any CPU = Debug|Any CPU
		Release|Any CPU = Release|Any CPU
	EndGlobalSection
	GlobalSection(ProjectConfigurationPlatforms) = postSolution
		{3E3BDE71-9A29-4743-B347-1DC0B99E4E1B}.Debug|Any CPU.ActiveCfg = Debug|Any CPU
		{3E3BDE71-9A29-4743-B347-1DC0B99E4E1B}.Debug|Any CPU.Build.0 = Debug|Any CPU
		{3E3BDE71-9A29-4743-B347-1DC0B99E4E1B}.Release|Any CPU.ActiveCfg = Release|Any CPU
		{3E3BDE71-9A29-4743-B347-1DC0B99E4E1B}.Release|Any CPU.Build.0 = Release|Any CPU
		{A01ECCB4-1A90-4790-9A0E-F4B45F4D844B}.Debug|Any CPU.ActiveCfg = Debug|Any CPU
		{A01ECCB4-1A90-4790-9A0E-F4B45F4D844B}.Debug|Any CPU.Build.0 = Debug|Any CPU
		{A01ECCB4-1A90-4790-9A0E-F4B45F4D844B}.Release|Any CPU.ActiveCfg = Release|Any CPU
		{A01ECCB4-1A90-4790-9A0E-F4B45F4D844B}.Release|Any CPU.Build.0 = Release|Any CPU
		{25BDAE41-4A45-40A8-B151-3D78BAD33194}.Debug|Any CPU.ActiveCfg = Debug|Any CPU
		{25BDAE41-4A45-40A8-B151-3D78BAD33194}.Debug|Any CPU.Build.0 = Debug|Any CPU
		{25BDAE41-4A45-40A8-B151-3D78BAD33194}.Release|Any CPU.ActiveCfg = Release|Any CPU
		{25BDAE41-4A45-40A8-B151-3D78BAD33194}.Release|Any CPU.Build.0 = Release|Any CPU
		{24064304-FA4C-4D43-8CC8-02D671AA6D45}.Debug|Any CPU.ActiveCfg = Debug|Any CPU
		{24064304-FA4C-4D43-8CC8-02D671AA6D45}.Debug|Any CPU.Build.0 = Debug|Any CPU
		{24064304-FA4C-4D43-8CC8-02D671AA6D45}.Release|Any CPU.ActiveCfg = Release|Any CPU
		{24064304-FA4C-4D43-8CC8-02D671AA6D45}.Release|Any CPU.Build.0 = Release|Any CPU
		{043C2FBC-8647-42B1-88BA-A55E0C234753}.Debug|Any CPU.ActiveCfg = Debug|Any CPU
		{043C2FBC-8647-42B1-88BA-A55E0C234753}.Debug|Any CPU.Build.0 = Debug|Any CPU
		{043C2FBC-8647-42B1-88BA-A55E0C234753}.Release|Any CPU.ActiveCfg = Release|Any CPU
		{043C2FBC-8647-42B1-88BA-A55E0C234753}.Release|Any CPU.Build.0 = Release|Any CPU
		{C9F5D27F-8A04-445D-9B76-6AEA38F2A8EA}.Debug|Any CPU.ActiveCfg = Debug|Any CPU
		{C9F5D27F-8A04-445D-9B76-6AEA38F2A8EA}.Debug|Any CPU.Build.0 = Debug|Any CPU
		{C9F5D27F-8A04-445D-9B76-6AEA38F2A8EA}.Release|Any CPU.ActiveCfg = Release|Any CPU
		{C9F5D27F-8A04-445D-9B76-6AEA38F2A8EA}.Release|Any CPU.Build.0 = Release|Any CPU
		{EC368F4C-C405-4896-A8B6-5382D99F4B24}.Debug|Any CPU.ActiveCfg = Debug|Any CPU
		{EC368F4C-C405-4896-A8B6-5382D99F4B24}.Debug|Any CPU.Build.0 = Debug|Any CPU
		{EC368F4C-C405-4896-A8B6-5382D99F4B24}.Release|Any CPU.ActiveCfg = Release|Any CPU
		{EC368F4C-C405-4896-A8B6-5382D99F4B24}.Release|Any CPU.Build.0 = Release|Any CPU
		{59359454-5DF8-4C9A-94CE-67D0A6B7284D}.Debug|Any CPU.ActiveCfg = Debug|Any CPU
		{59359454-5DF8-4C9A-94CE-67D0A6B7284D}.Debug|Any CPU.Build.0 = Debug|Any CPU
		{59359454-5DF8-4C9A-94CE-67D0A6B7284D}.Release|Any CPU.ActiveCfg = Release|Any CPU
		{59359454-5DF8-4C9A-94CE-67D0A6B7284D}.Release|Any CPU.Build.0 = Release|Any CPU
		{00751636-40FA-4677-981A-3D3743F3F15C}.Debug|Any CPU.ActiveCfg = Debug|Any CPU
		{00751636-40FA-4677-981A-3D3743F3F15C}.Debug|Any CPU.Build.0 = Debug|Any CPU
		{00751636-40FA-4677-981A-3D3743F3F15C}.Release|Any CPU.ActiveCfg = Release|Any CPU
		{00751636-40FA-4677-981A-3D3743F3F15C}.Release|Any CPU.Build.0 = Release|Any CPU
	EndGlobalSection
	GlobalSection(SolutionProperties) = preSolution
		HideSolutionNode = FALSE
	EndGlobalSection
	GlobalSection(NestedProjects) = preSolution
		{043C2FBC-8647-42B1-88BA-A55E0C234753} = {3C85DBFE-6EF8-4287-82A4-0FB53ED21679}
	EndGlobalSection
	GlobalSection(ExtensibilityGlobals) = postSolution
		SolutionGuid = {F07D04A7-49FD-4557-A419-76B85364DE72}
	EndGlobalSection
EndGlobal
