
Microsoft Visual Studio Solution File, Format Version 12.00
# Visual Studio Version 17
VisualStudioVersion = 17.9.34622.214
MinimumVisualStudioVersion = 10.0.40219.1
Project("{9A19103F-16F7-4668-BE54-9A1E7A4F7556}") = "NetGore", "NetGore\NetGore.csproj", "{3E3BDE71-9A29-4743-B347-1DC0B99E4E1B}"
EndProject
Project("{9A19103F-16F7-4668-BE54-9A1E7A4F7556}") = "NetGore.Tests", "NetGore.Tests\NetGore.Tests.csproj", "{A01ECCB4-1A90-4790-9A0E-F4B45F4D844B}"
EndProject
Project("{9A19103F-16F7-4668-BE54-9A1E7A4F7556}") = "NetGore.Db", "NetGore.Db\NetGore.Db.csproj", "{25BDAE41-4A45-40A8-B151-3D78BAD33194}"
EndProject
Project("{9A19103F-16F7-4668-BE54-9A1E7A4F7556}") = "NetGore.Features", "NetGore.Features\NetGore.Features.csproj", "{24064304-FA4C-4D43-8CC8-02D671AA6D45}"
EndProject
Project("{2150E333-8FDC-42A3-9474-1A3956D46DE8}") = "Lidgren", "Lidgren", "{3C85DBFE-6EF8-4287-82A4-0FB53ED21679}"
EndProject
Project("{9A19103F-16F7-4668-BE54-9A1E7A4F7556}") = "Lidgren.Network", "Lidgren\Lidgren.Network\Lidgren.Network.csproj", "{043C2FBC-8647-42B1-88BA-A55E0C234753}"
EndProject
Project("{9A19103F-16F7-4668-BE54-9A1E7A4F7556}") = "NetGore.Core", "NetGore.Core\NetGore.Core.csproj", "{C9F5D27F-8A04-445D-9B76-6AEA38F2A8EA}"
EndProject
Project("{9A19103F-16F7-4668-BE54-9A1E7A4F7556}") = "NetGore.CLI", "NetGore.CLI\NetGore.CLI.csproj", "{EC368F4C-C405-4896-A8B6-5382D99F4B24}"
EndProject
Project("{9A19103F-16F7-4668-BE54-9A1E7A4F7556}") = "NetGore.Core.Tests", "NetGore.Core.Tests\NetGore.Core.Tests.csproj", "{00751636-40FA-4677-981A-3D3743F3F15C}"
EndProject
Project("{9A19103F-16F7-4668-BE54-9A1E7A4F7556}") = "NetGore.Data", "NetGore.Data\NetGore.Data.csproj", "{184ED70E-8386-42D0-8E06-919CA7C8088B}"
EndProject
Project("{9A19103F-16F7-4668-BE54-9A1E7A4F7556}") = "ConvertCSVToTable", "Tools\ConvertCSVToTable\ConvertCSVToTable.csproj", "{EFFC84CA-525E-44AA-9C03-3C1DD93EA472}"
EndProject
Project("{2150E333-8FDC-42A3-9474-1A3956D46DE8}") = "Databases", "Databases", "{23295D56-CD9D-449D-8486-70FB99E0056C}"
	ProjectSection(SolutionItems) = preProject
		Documents\Craftable Construct Cheatsheet - Base Constructs.csv = Documents\Craftable Construct Cheatsheet - Base Constructs.csv
		Documents\Feats - Updated 19Jan2020.csv = Documents\Feats - Updated 19Jan2020.csv
		Documents\HeavyArmor.csv = Documents\HeavyArmor.csv
		Documents\magic_items_full - Updated 19Jan2020.csv = Documents\magic_items_full - Updated 19Jan2020.csv
		Documents\monster_stat_blocks_full - Updated 19Jan2020.csv = Documents\monster_stat_blocks_full - Updated 19Jan2020.csv
		Documents\spell_full - Updated 31Mar2020.csv = Documents\spell_full - Updated 31Mar2020.csv
		Documents\Traits.csv = Documents\Traits.csv
	EndProjectSection
EndProject
Global
	GlobalSection(SolutionConfigurationPlatforms) = preSolution
		Debug|Any CPU = Debug|Any CPU
		Release|Any CPU = Release|Any CPU
	EndGlobalSection
	GlobalSection(ProjectConfigurationPlatforms) = postSolution
		{3E3BDE71-9A29-4743-B347-1DC0B99E4E1B}.Debug|Any CPU.ActiveCfg = Debug|Any CPU
		{3E3BDE71-9A29-4743-B347-1DC0B99E4E1B}.Debug|Any CPU.Build.0 = Debug|Any CPU
		{3E3BDE71-9A29-4743-B347-1DC0B99E4E1B}.Release|Any CPU.ActiveCfg = Release|Any CPU
		{3E3BDE71-9A29-4743-B347-1DC0B99E4E1B}.Release|Any CPU.Build.0 = Release|Any CPU
		{A01ECCB4-1A90-4790-9A0E-F4B45F4D844B}.Debug|Any CPU.ActiveCfg = Debug|Any CPU
		{A01ECCB4-1A90-4790-9A0E-F4B45F4D844B}.Debug|Any CPU.Build.0 = Debug|Any CPU
		{A01ECCB4-1A90-4790-9A0E-F4B45F4D844B}.Release|Any CPU.ActiveCfg = Release|Any CPU
		{A01ECCB4-1A90-4790-9A0E-F4B45F4D844B}.Release|Any CPU.Build.0 = Release|Any CPU
		{25BDAE41-4A45-40A8-B151-3D78BAD33194}.Debug|Any CPU.ActiveCfg = Debug|Any CPU
		{25BDAE41-4A45-40A8-B151-3D78BAD33194}.Debug|Any CPU.Build.0 = Debug|Any CPU
		{25BDAE41-4A45-40A8-B151-3D78BAD33194}.Release|Any CPU.ActiveCfg = Release|Any CPU
		{25BDAE41-4A45-40A8-B151-3D78BAD33194}.Release|Any CPU.Build.0 = Release|Any CPU
		{24064304-FA4C-4D43-8CC8-02D671AA6D45}.Debug|Any CPU.ActiveCfg = Debug|Any CPU
		{24064304-FA4C-4D43-8CC8-02D671AA6D45}.Debug|Any CPU.Build.0 = Debug|Any CPU
		{24064304-FA4C-4D43-8CC8-02D671AA6D45}.Release|Any CPU.ActiveCfg = Release|Any CPU
		{24064304-FA4C-4D43-8CC8-02D671AA6D45}.Release|Any CPU.Build.0 = Release|Any CPU
		{043C2FBC-8647-42B1-88BA-A55E0C234753}.Debug|Any CPU.ActiveCfg = Debug|Any CPU
		{043C2FBC-8647-42B1-88BA-A55E0C234753}.Debug|Any CPU.Build.0 = Debug|Any CPU
		{043C2FBC-8647-42B1-88BA-A55E0C234753}.Release|Any CPU.ActiveCfg = Release|Any CPU
		{043C2FBC-8647-42B1-88BA-A55E0C234753}.Release|Any CPU.Build.0 = Release|Any CPU
		{C9F5D27F-8A04-445D-9B76-6AEA38F2A8EA}.Debug|Any CPU.ActiveCfg = Debug|Any CPU
		{C9F5D27F-8A04-445D-9B76-6AEA38F2A8EA}.Debug|Any CPU.Build.0 = Debug|Any CPU
		{C9F5D27F-8A04-445D-9B76-6AEA38F2A8EA}.Release|Any CPU.ActiveCfg = Release|Any CPU
		{C9F5D27F-8A04-445D-9B76-6AEA38F2A8EA}.Release|Any CPU.Build.0 = Release|Any CPU
		{EC368F4C-C405-4896-A8B6-5382D99F4B24}.Debug|Any CPU.ActiveCfg = Debug|Any CPU
		{EC368F4C-C405-4896-A8B6-5382D99F4B24}.Debug|Any CPU.Build.0 = Debug|Any CPU
		{EC368F4C-C405-4896-A8B6-5382D99F4B24}.Release|Any CPU.ActiveCfg = Release|Any CPU
		{EC368F4C-C405-4896-A8B6-5382D99F4B24}.Release|Any CPU.Build.0 = Release|Any CPU
		{00751636-40FA-4677-981A-3D3743F3F15C}.Debug|Any CPU.ActiveCfg = Debug|Any CPU
		{00751636-40FA-4677-981A-3D3743F3F15C}.Debug|Any CPU.Build.0 = Debug|Any CPU
		{00751636-40FA-4677-981A-3D3743F3F15C}.Release|Any CPU.ActiveCfg = Release|Any CPU
		{00751636-40FA-4677-981A-3D3743F3F15C}.Release|Any CPU.Build.0 = Release|Any CPU
		{184ED70E-8386-42D0-8E06-919CA7C8088B}.Debug|Any CPU.ActiveCfg = Debug|Any CPU
		{184ED70E-8386-42D0-8E06-919CA7C8088B}.Debug|Any CPU.Build.0 = Debug|Any CPU
		{184ED70E-8386-42D0-8E06-919CA7C8088B}.Release|Any CPU.ActiveCfg = Release|Any CPU
		{184ED70E-8386-42D0-8E06-919CA7C8088B}.Release|Any CPU.Build.0 = Release|Any CPU
		{EFFC84CA-525E-44AA-9C03-3C1DD93EA472}.Debug|Any CPU.ActiveCfg = Debug|Any CPU
		{EFFC84CA-525E-44AA-9C03-3C1DD93EA472}.Debug|Any CPU.Build.0 = Debug|Any CPU
		{EFFC84CA-525E-44AA-9C03-3C1DD93EA472}.Release|Any CPU.ActiveCfg = Release|Any CPU
		{EFFC84CA-525E-44AA-9C03-3C1DD93EA472}.Release|Any CPU.Build.0 = Release|Any CPU
	EndGlobalSection
	GlobalSection(SolutionProperties) = preSolution
		HideSolutionNode = FALSE
	EndGlobalSection
	GlobalSection(NestedProjects) = preSolution
		{043C2FBC-8647-42B1-88BA-A55E0C234753} = {3C85DBFE-6EF8-4287-82A4-0FB53ED21679}
	EndGlobalSection
	GlobalSection(ExtensibilityGlobals) = postSolution
		SolutionGuid = {F07D04A7-49FD-4557-A419-76B85364DE72}
	EndGlobalSection
EndGlobal
