
Microsoft Visual Studio Solution File, Format Version 12.00
# Visual Studio Version 17
VisualStudioVersion = 17.9.34728.123
MinimumVisualStudioVersion = 10.0.40219.1
Project("{2150E333-8FDC-42A3-9474-1A3956D46DE8}") = "D20", "D20", "{8991D626-24A7-4FCE-BF65-11E53EDAF4E1}"
EndProject
Project("{9A19103F-16F7-4668-BE54-9A1E7A4F7556}") = "D20.Core", "d20\D20.Core\D20.Core.csproj", "{0F7065C6-6F3E-4E00-9A06-296F1473B199}"
EndProject
Global
	GlobalSection(SolutionConfigurationPlatforms) = preSolution
		Debug|Any CPU = Debug|Any CPU
		Release|Any CPU = Release|Any CPU
	EndGlobalSection
	GlobalSection(ProjectConfigurationPlatforms) = postSolution
		{0F7065C6-6F3E-4E00-9A06-296F1473B199}.Debug|Any CPU.ActiveCfg = Debug|Any CPU
		{0F7065C6-6F3E-4E00-9A06-296F1473B199}.Debug|Any CPU.Build.0 = Debug|Any CPU
		{0F7065C6-6F3E-4E00-9A06-296F1473B199}.Release|Any CPU.ActiveCfg = Release|Any CPU
		{0F7065C6-6F3E-4E00-9A06-296F1473B199}.Release|Any CPU.Build.0 = Release|Any CPU
	EndGlobalSection
	GlobalSection(SolutionProperties) = preSolution
		HideSolutionNode = FALSE
	EndGlobalSection
	GlobalSection(NestedProjects) = preSolution
		{0F7065C6-6F3E-4E00-9A06-296F1473B199} = {8991D626-24A7-4FCE-BF65-11E53EDAF4E1}
	EndGlobalSection
	GlobalSection(ExtensibilityGlobals) = postSolution
		SolutionGuid = {327517B2-8B9C-4CA3-AC89-441B0FCE5B94}
	EndGlobalSection
EndGlobal
