
Microsoft Visual Studio Solution File, Format Version 12.00
# Visual Studio Version 17
VisualStudioVersion = 17.9.34728.123
MinimumVisualStudioVersion = 10.0.40219.1
Project("{2150E333-8FDC-42A3-9474-1A3956D46DE8}") = "GoDungeon", "GoDungeon", "{8991D626-24A7-4FCE-BF65-11E53EDAF4E1}"
EndProject
Project("{2150E333-8FDC-42A3-9474-1A3956D46DE8}") = "UI", "UI", "{B8EBC409-9654-4EB6-B6D4-F3DFA423B49E}"
EndProject
Project("{9A19103F-16F7-4668-BE54-9A1E7A4F7556}") = "GoDungeon.Background", "GoDungeon\GoDungeon.Background\GoDungeon.Background.csproj", "{73D7B137-5E94-45BC-B22D-620995AF16E7}"
EndProject
Project("{9A19103F-16F7-4668-BE54-9A1E7A4F7556}") = "GoDungeon.Core", "GoDungeon\GoDungeon.Core\GoDungeon.Core.csproj", "{577C0545-2235-41CA-A069-56256C0F401E}"
EndProject
Project("{9A19103F-16F7-4668-BE54-9A1E7A4F7556}") = "GoDungeon.Equipment", "GoDungeon\GoDungeon.Equipment\GoDungeon.Equipment.csproj", "{C4CE8F6A-7D53-416C-8F88-D8A65710D889}"
EndProject
Project("{9A19103F-16F7-4668-BE54-9A1E7A4F7556}") = "GoDungeon.Gaming", "GoDungeon\GoDungeon.Gaming\GoDungeon.Gaming.csproj", "{6142DA66-3112-4795-9F67-80FBCD53D0F2}"
EndProject
Project("{9A19103F-16F7-4668-BE54-9A1E7A4F7556}") = "GoDungeon.MagicItems", "GoDungeon\GoDungeon.MagicItems\GoDungeon.MagicItems.csproj", "{047CDB4A-B4CF-40E4-9B0B-08A504A26AA1}"
EndProject
Project("{9A19103F-16F7-4668-BE54-9A1E7A4F7556}") = "GoDungeon.Monsters", "GoDungeon\GoDungeon.Monsters\GoDungeon.Monsters.csproj", "{37DFCB10-B42E-4F98-9676-2D4A3BF55A05}"
EndProject
Project("{9A19103F-16F7-4668-BE54-9A1E7A4F7556}") = "GoDungeon.Spells", "GoDungeon\GoDungeon.Spells\GoDungeon.Spells.csproj", "{FE5C7057-AB07-4A5D-BE15-F78CA90AF5F6}"
EndProject
Project("{9A19103F-16F7-4668-BE54-9A1E7A4F7556}") = "GoDungeon.Character", "GoDungeon\GoDungeon.Character\GoDungeon.Character.csproj", "{0DFD005A-461E-4120-A6CD-D155A1039AE1}"
EndProject
Project("{2150E333-8FDC-42A3-9474-1A3956D46DE8}") = "MAUI.UI", "MAUI.UI", "{2A7B5D2C-68B2-49CD-B23E-1311DE5FD0BF}"
EndProject
Project("{9A19103F-16F7-4668-BE54-9A1E7A4F7556}") = "GoDungeon.MAUI", "UI\MAUI\GoDungeon.MAUI\GoDungeon.MAUI.csproj", "{08A0F2E4-B09B-4D87-A96C-8A2BEAF0660D}"
	ProjectSection(ProjectDependencies) = postProject
		{E5444ABE-DCA5-4AD9-97E6-0615FCFFBEAA} = {E5444ABE-DCA5-4AD9-97E6-0615FCFFBEAA}
	EndProjectSection
EndProject
Project("{9A19103F-16F7-4668-BE54-9A1E7A4F7556}") = "GoDungeon.MAUI.Core", "UI\MAUI\GoDungeon.MAUI.Core\GoDungeon.MAUI.Core.csproj", "{E5444ABE-DCA5-4AD9-97E6-0615FCFFBEAA}"
EndProject
Project("{9A19103F-16F7-4668-BE54-9A1E7A4F7556}") = "GoDungeon.MAUI.PlayerCharacter", "UI\MAUI\GoDungeon.MAUI.PlayerCharacter\GoDungeon.MAUI.PlayerCharacter.csproj", "{A19C0356-2F25-4CC3-BEA6-2FC467F1A5B6}"
EndProject
Project("{9A19103F-16F7-4668-BE54-9A1E7A4F7556}") = "GoDungeon.MAUI.DungeonMap", "UI\MAUI\GoDungeon.MAUI.DungeonMap\GoDungeon.MAUI.DungeonMap.csproj", "{70E9BB24-78C9-46F2-8CB0-E920CB9C0BC9}"
EndProject
Project("{9A19103F-16F7-4668-BE54-9A1E7A4F7556}") = "GoDungeon.RandomDungeon", "GoDungeon\GoDungeon.RandomDungeon\GoDungeon.RandomDungeon.csproj", "{DFC5D668-61DC-43EC-AC86-09CB0F3F3D25}"
EndProject
Project("{2150E333-8FDC-42A3-9474-1A3956D46DE8}") = "Console", "Console", "{AAB070AA-9377-4229-8BAA-30BE03A46034}"
EndProject
Project("{9A19103F-16F7-4668-BE54-9A1E7A4F7556}") = "CommandLineTools", "UI\CommandLineTools\CommandLineTools.csproj", "{4506DA99-1062-4FF5-B853-08F52B1C16E8}"
EndProject
Project("{2150E333-8FDC-42A3-9474-1A3956D46DE8}") = "Generated", "Generated", "{16AEA0FE-187F-447D-826C-777EDA92CA4F}"
	ProjectSection(SolutionItems) = preProject
		monsters\Aboleth.cs = monsters\Aboleth.cs
		monsters\Acolyte.cs = monsters\Acolyte.cs
		monsters\AdultBlackDragon.cs = monsters\AdultBlackDragon.cs
		monsters\AdultBlueDragon.cs = monsters\AdultBlueDragon.cs
		monsters\AdultBrassDragon.cs = monsters\AdultBrassDragon.cs
		monsters\AdultBronzeDragon.cs = monsters\AdultBronzeDragon.cs
		monsters\AdultCopperDragon.cs = monsters\AdultCopperDragon.cs
		monsters\AdultGoldDragon.cs = monsters\AdultGoldDragon.cs
		monsters\AdultGreenDragon.cs = monsters\AdultGreenDragon.cs
		monsters\AdultRedDragon.cs = monsters\AdultRedDragon.cs
		monsters\AdultSilverDragon.cs = monsters\AdultSilverDragon.cs
		monsters\AdultWhiteDragon.cs = monsters\AdultWhiteDragon.cs
		monsters\AirElemental.cs = monsters\AirElemental.cs
		monsters\AncientBlackDragon.cs = monsters\AncientBlackDragon.cs
		monsters\AncientBlueDragon.cs = monsters\AncientBlueDragon.cs
		monsters\AncientBrassDragon.cs = monsters\AncientBrassDragon.cs
		monsters\AncientBronzeDragon.cs = monsters\AncientBronzeDragon.cs
		monsters\AncientCopperDragon.cs = monsters\AncientCopperDragon.cs
		monsters\AncientGoldDragon.cs = monsters\AncientGoldDragon.cs
		monsters\AncientGreenDragon.cs = monsters\AncientGreenDragon.cs
		monsters\AncientRedDragon.cs = monsters\AncientRedDragon.cs
		monsters\AncientSilverDragon.cs = monsters\AncientSilverDragon.cs
		monsters\AncientWhiteDragon.cs = monsters\AncientWhiteDragon.cs
		monsters\Androsphinx.cs = monsters\Androsphinx.cs
		monsters\AnimatedArmor.cs = monsters\AnimatedArmor.cs
		monsters\Ankheg.cs = monsters\Ankheg.cs
		monsters\Ape.cs = monsters\Ape.cs
		monsters\Archmage.cs = monsters\Archmage.cs
		monsters\Assassin.cs = monsters\Assassin.cs
		monsters\AwakenedShrub.cs = monsters\AwakenedShrub.cs
		monsters\AwakenedTree.cs = monsters\AwakenedTree.cs
		monsters\AxeBeak.cs = monsters\AxeBeak.cs
		monsters\Azer.cs = monsters\Azer.cs
		monsters\Baboon.cs = monsters\Baboon.cs
		monsters\Badger.cs = monsters\Badger.cs
		monsters\Balor.cs = monsters\Balor.cs
		monsters\Bandit.cs = monsters\Bandit.cs
		monsters\BanditCaptain.cs = monsters\BanditCaptain.cs
		monsters\BarbedDevil.cs = monsters\BarbedDevil.cs
		monsters\Basilisk.cs = monsters\Basilisk.cs
		monsters\Bat.cs = monsters\Bat.cs
		monsters\BeardedDevil.cs = monsters\BeardedDevil.cs
		monsters\Behir.cs = monsters\Behir.cs
		monsters\Berserker.cs = monsters\Berserker.cs
		monsters\Blackbear.cs = monsters\Blackbear.cs
		monsters\BlackDragonWyrmling.cs = monsters\BlackDragonWyrmling.cs
		monsters\BlackPudding.cs = monsters\BlackPudding.cs
		monsters\BlinkDog.cs = monsters\BlinkDog.cs
		monsters\BloodHawk.cs = monsters\BloodHawk.cs
		monsters\BlueDragonWyrmling.cs = monsters\BlueDragonWyrmling.cs
		monsters\Boar.cs = monsters\Boar.cs
		monsters\BoneDevil.cs = monsters\BoneDevil.cs
		monsters\BrassDragonWyrmling.cs = monsters\BrassDragonWyrmling.cs
		monsters\BronzeDragonWyrmling.cs = monsters\BronzeDragonWyrmling.cs
		monsters\BrownBear.cs = monsters\BrownBear.cs
		monsters\Bugbear.cs = monsters\Bugbear.cs
		monsters\Bulette.cs = monsters\Bulette.cs
		monsters\Camel.cs = monsters\Camel.cs
		monsters\Cat.cs = monsters\Cat.cs
		monsters\Centaur.cs = monsters\Centaur.cs
		monsters\ChainDevil.cs = monsters\ChainDevil.cs
		monsters\Chimera.cs = monsters\Chimera.cs
		monsters\Chuul.cs = monsters\Chuul.cs
		monsters\ClayGolem.cs = monsters\ClayGolem.cs
		monsters\Cloaker.cs = monsters\Cloaker.cs
		monsters\CloudGiant.cs = monsters\CloudGiant.cs
		monsters\Cockatrice.cs = monsters\Cockatrice.cs
		monsters\Commoner.cs = monsters\Commoner.cs
		monsters\ConstrictorSnake.cs = monsters\ConstrictorSnake.cs
		monsters\CopperDragonWyrmling.cs = monsters\CopperDragonWyrmling.cs
		monsters\Couatl.cs = monsters\Couatl.cs
		monsters\Crab.cs = monsters\Crab.cs
		monsters\Crocodile.cs = monsters\Crocodile.cs
		monsters\CultFanatic.cs = monsters\CultFanatic.cs
		monsters\Cultist.cs = monsters\Cultist.cs
		monsters\Darkmantle.cs = monsters\Darkmantle.cs
		monsters\DeathDog.cs = monsters\DeathDog.cs
		monsters\Deer.cs = monsters\Deer.cs
		monsters\Deva.cs = monsters\Deva.cs
		monsters\DireWolf.cs = monsters\DireWolf.cs
		monsters\Djinni.cs = monsters\Djinni.cs
		monsters\Doppelganger.cs = monsters\Doppelganger.cs
		monsters\DraftHorse.cs = monsters\DraftHorse.cs
		monsters\DragonTurtle.cs = monsters\DragonTurtle.cs
		monsters\Dretch.cs = monsters\Dretch.cs
		monsters\Drider.cs = monsters\Drider.cs
		monsters\Druid.cs = monsters\Druid.cs
		monsters\Dryad.cs = monsters\Dryad.cs
		monsters\Duergar.cs = monsters\Duergar.cs
		monsters\DustMephit.cs = monsters\DustMephit.cs
		monsters\Eagle.cs = monsters\Eagle.cs
		monsters\EarthElemental.cs = monsters\EarthElemental.cs
		monsters\Efreeti.cs = monsters\Efreeti.cs
		monsters\Elephant.cs = monsters\Elephant.cs
		monsters\Elf,Drow.cs = monsters\Elf,Drow.cs
		monsters\Elk.cs = monsters\Elk.cs
		monsters\Erinyes.cs = monsters\Erinyes.cs
		monsters\Ettercap.cs = monsters\Ettercap.cs
		monsters\Ettin.cs = monsters\Ettin.cs
		monsters\FireElemental.cs = monsters\FireElemental.cs
		monsters\FireGiant.cs = monsters\FireGiant.cs
		monsters\FleshGolem.cs = monsters\FleshGolem.cs
		monsters\FlyingSnake.cs = monsters\FlyingSnake.cs
		monsters\FlyingSword.cs = monsters\FlyingSword.cs
		monsters\Frog.cs = monsters\Frog.cs
		monsters\FrostGiant.cs = monsters\FrostGiant.cs
		monsters\Gargoyle.cs = monsters\Gargoyle.cs
		monsters\GelatinousCube.cs = monsters\GelatinousCube.cs
		monsters\Ghast.cs = monsters\Ghast.cs
		monsters\Ghost.cs = monsters\Ghost.cs
		monsters\Ghoul.cs = monsters\Ghoul.cs
		monsters\GiantApe.cs = monsters\GiantApe.cs
		monsters\GiantBadger.cs = monsters\GiantBadger.cs
		monsters\GiantBat.cs = monsters\GiantBat.cs
		monsters\GiantBoar.cs = monsters\GiantBoar.cs
		monsters\GiantCentipede.cs = monsters\GiantCentipede.cs
		monsters\GiantConstrictorSnake.cs = monsters\GiantConstrictorSnake.cs
		monsters\GiantCrab.cs = monsters\GiantCrab.cs
		monsters\GiantCrocodile.cs = monsters\GiantCrocodile.cs
		monsters\GiantEagle.cs = monsters\GiantEagle.cs
		monsters\GiantElk.cs = monsters\GiantElk.cs
		monsters\GiantFireBeetle.cs = monsters\GiantFireBeetle.cs
		monsters\GiantFrog.cs = monsters\GiantFrog.cs
		monsters\GiantGoat.cs = monsters\GiantGoat.cs
		monsters\GiantHyena.cs = monsters\GiantHyena.cs
		monsters\GiantLizard.cs = monsters\GiantLizard.cs
		monsters\GiantOctopus.cs = monsters\GiantOctopus.cs
		monsters\GiantOwl.cs = monsters\GiantOwl.cs
		monsters\GiantPoisonousSnake.cs = monsters\GiantPoisonousSnake.cs
		monsters\GiantRat.cs = monsters\GiantRat.cs
		monsters\GiantScorpion.cs = monsters\GiantScorpion.cs
		monsters\GiantSeaHorse.cs = monsters\GiantSeaHorse.cs
		monsters\GiantShark.cs = monsters\GiantShark.cs
		monsters\GiantSpider.cs = monsters\GiantSpider.cs
		monsters\GiantToad.cs = monsters\GiantToad.cs
		monsters\GiantVulture.cs = monsters\GiantVulture.cs
		monsters\GiantWasp.cs = monsters\GiantWasp.cs
		monsters\GiantWeasel.cs = monsters\GiantWeasel.cs
		monsters\GiantWolfSpider.cs = monsters\GiantWolfSpider.cs
		monsters\GibberingMouther.cs = monsters\GibberingMouther.cs
		monsters\Glabrezu.cs = monsters\Glabrezu.cs
		monsters\Gladiator.cs = monsters\Gladiator.cs
		monsters\Gnoll.cs = monsters\Gnoll.cs
		monsters\Gnome,Deep(Svirfneblin).cs = monsters\Gnome,Deep(Svirfneblin).cs
		monsters\Goat.cs = monsters\Goat.cs
		monsters\Goblin.cs = monsters\Goblin.cs
		monsters\GoldDragonWyrmling.cs = monsters\GoldDragonWyrmling.cs
		monsters\Gorgon.cs = monsters\Gorgon.cs
		monsters\GrayOoze.cs = monsters\GrayOoze.cs
		monsters\GreenDragonWyrmling.cs = monsters\GreenDragonWyrmling.cs
		monsters\GreenHag.cs = monsters\GreenHag.cs
		monsters\Grick.cs = monsters\Grick.cs
		monsters\Griffon.cs = monsters\Griffon.cs
		monsters\Grimlock.cs = monsters\Grimlock.cs
		monsters\Guard.cs = monsters\Guard.cs
		monsters\GuardianNaga.cs = monsters\GuardianNaga.cs
		monsters\Gynosphinx.cs = monsters\Gynosphinx.cs
		monsters\Half-RedDragonVeteran.cs = monsters\Half-RedDragonVeteran.cs
		monsters\Harpy.cs = monsters\Harpy.cs
		monsters\Hawk.cs = monsters\Hawk.cs
		monsters\HellHound.cs = monsters\HellHound.cs
		monsters\Hezrou.cs = monsters\Hezrou.cs
		monsters\HillGiant.cs = monsters\HillGiant.cs
		monsters\Hippogriff.cs = monsters\Hippogriff.cs
		monsters\Hobgoblin.cs = monsters\Hobgoblin.cs
		monsters\Homunculus.cs = monsters\Homunculus.cs
		monsters\HornedDevil.cs = monsters\HornedDevil.cs
		monsters\HunterShark.cs = monsters\HunterShark.cs
		monsters\Hydra.cs = monsters\Hydra.cs
		monsters\Hyena.cs = monsters\Hyena.cs
		monsters\IceDevil.cs = monsters\IceDevil.cs
		monsters\IceMephit.cs = monsters\IceMephit.cs
		monsters\Imp.cs = monsters\Imp.cs
		monsters\InvisibleStalker.cs = monsters\InvisibleStalker.cs
		monsters\IronGolem.cs = monsters\IronGolem.cs
		monsters\Jackal.cs = monsters\Jackal.cs
		monsters\KillerWhale.cs = monsters\KillerWhale.cs
		monsters\Knight.cs = monsters\Knight.cs
		monsters\Kobold.cs = monsters\Kobold.cs
		monsters\Kraken.cs = monsters\Kraken.cs
		monsters\Lamia.cs = monsters\Lamia.cs
		monsters\Lemure.cs = monsters\Lemure.cs
		monsters\Lich.cs = monsters\Lich.cs
		monsters\Lion.cs = monsters\Lion.cs
		monsters\Lizard.cs = monsters\Lizard.cs
		monsters\Lizardfolk.cs = monsters\Lizardfolk.cs
		monsters\Mage.cs = monsters\Mage.cs
		monsters\MagmaMephit.cs = monsters\MagmaMephit.cs
		monsters\Magmin.cs = monsters\Magmin.cs
		monsters\Mammoth.cs = monsters\Mammoth.cs
		monsters\Manticore.cs = monsters\Manticore.cs
		monsters\Marilith.cs = monsters\Marilith.cs
		monsters\Mastiff.cs = monsters\Mastiff.cs
		monsters\Medusa.cs = monsters\Medusa.cs
		monsters\Merfolk.cs = monsters\Merfolk.cs
		monsters\Merrow.cs = monsters\Merrow.cs
		monsters\Mimic.cs = monsters\Mimic.cs
		monsters\Minotaur.cs = monsters\Minotaur.cs
		monsters\MinotaurSkeleton.cs = monsters\MinotaurSkeleton.cs
		monsters\Mule.cs = monsters\Mule.cs
		monsters\Mummy.cs = monsters\Mummy.cs
		monsters\MummyLord.cs = monsters\MummyLord.cs
		monsters\Nalfeshnee.cs = monsters\Nalfeshnee.cs
		monsters\NightHag.cs = monsters\NightHag.cs
		monsters\Nightmare.cs = monsters\Nightmare.cs
		monsters\Noble.cs = monsters\Noble.cs
		monsters\OchreJelly.cs = monsters\OchreJelly.cs
		monsters\Octopus.cs = monsters\Octopus.cs
		monsters\Ogre.cs = monsters\Ogre.cs
		monsters\OgreZombie.cs = monsters\OgreZombie.cs
		monsters\Oni.cs = monsters\Oni.cs
		monsters\Orc.cs = monsters\Orc.cs
		monsters\Otyugh.cs = monsters\Otyugh.cs
		monsters\Owl.cs = monsters\Owl.cs
		monsters\Owlbear.cs = monsters\Owlbear.cs
		monsters\Panther.cs = monsters\Panther.cs
		monsters\Pegasus.cs = monsters\Pegasus.cs
		monsters\PhaseSpider.cs = monsters\PhaseSpider.cs
		monsters\PitFiend.cs = monsters\PitFiend.cs
		monsters\Planetar.cs = monsters\Planetar.cs
		monsters\Plesiosaurus.cs = monsters\Plesiosaurus.cs
		monsters\PoisonousSnake.cs = monsters\PoisonousSnake.cs
		monsters\PolarBear.cs = monsters\PolarBear.cs
		monsters\Pony.cs = monsters\Pony.cs
		monsters\Priest.cs = monsters\Priest.cs
		monsters\Pseudodragon.cs = monsters\Pseudodragon.cs
		monsters\PurpleWorm.cs = monsters\PurpleWorm.cs
		monsters\Quasit.cs = monsters\Quasit.cs
		monsters\Quipper.cs = monsters\Quipper.cs
		monsters\Rakshasa.cs = monsters\Rakshasa.cs
		monsters\Rat.cs = monsters\Rat.cs
		monsters\Raven.cs = monsters\Raven.cs
		monsters\RedDragonWyrmling.cs = monsters\RedDragonWyrmling.cs
		monsters\ReefShark.cs = monsters\ReefShark.cs
		monsters\Remorhaz.cs = monsters\Remorhaz.cs
		monsters\Rhinoceros.cs = monsters\Rhinoceros.cs
		monsters\RidingHorse.cs = monsters\RidingHorse.cs
		monsters\Roc.cs = monsters\Roc.cs
		monsters\Roper.cs = monsters\Roper.cs
		monsters\RugofSmothering.cs = monsters\RugofSmothering.cs
		monsters\RustMonster.cs = monsters\RustMonster.cs
		monsters\Saber-ToothedTiger.cs = monsters\Saber-ToothedTiger.cs
		monsters\Sahuagin.cs = monsters\Sahuagin.cs
		monsters\Salamander.cs = monsters\Salamander.cs
		monsters\Satyr.cs = monsters\Satyr.cs
		monsters\Scorpion.cs = monsters\Scorpion.cs
		monsters\Scout.cs = monsters\Scout.cs
		monsters\SeaHag.cs = monsters\SeaHag.cs
		monsters\SeaHorse.cs = monsters\SeaHorse.cs
		monsters\Shadow.cs = monsters\Shadow.cs
		monsters\ShamblingMound.cs = monsters\ShamblingMound.cs
		monsters\ShieldGuardian.cs = monsters\ShieldGuardian.cs
		monsters\Shrieker.cs = monsters\Shrieker.cs
		monsters\SilverDragonWyrmling.cs = monsters\SilverDragonWyrmling.cs
		monsters\Skeleton.cs = monsters\Skeleton.cs
		monsters\Solar.cs = monsters\Solar.cs
		monsters\Specter.cs = monsters\Specter.cs
		monsters\Spider.cs = monsters\Spider.cs
		monsters\SpiritNaga.cs = monsters\SpiritNaga.cs
		monsters\Sprite.cs = monsters\Sprite.cs
		monsters\Spy.cs = monsters\Spy.cs
		monsters\SteamMephit.cs = monsters\SteamMephit.cs
		monsters\Stirge.cs = monsters\Stirge.cs
		monsters\StoneGiant.cs = monsters\StoneGiant.cs
		monsters\StoneGolem.cs = monsters\StoneGolem.cs
		monsters\StormGiant.cs = monsters\StormGiant.cs
		monsters\SuccubusIncubus.cs = monsters\SuccubusIncubus.cs
		monsters\SwarmofBats.cs = monsters\SwarmofBats.cs
		monsters\SwarmofInsects.cs = monsters\SwarmofInsects.cs
		monsters\SwarmofPoisonousSnakes.cs = monsters\SwarmofPoisonousSnakes.cs
		monsters\SwarmofQuippers.cs = monsters\SwarmofQuippers.cs
		monsters\SwarmofRats.cs = monsters\SwarmofRats.cs
		monsters\SwarmofRavens.cs = monsters\SwarmofRavens.cs
		monsters\Tarrasque.cs = monsters\Tarrasque.cs
		monsters\Thug.cs = monsters\Thug.cs
		monsters\Tiger.cs = monsters\Tiger.cs
		monsters\Treant.cs = monsters\Treant.cs
		monsters\TribalWarrior.cs = monsters\TribalWarrior.cs
		monsters\Triceratops.cs = monsters\Triceratops.cs
		monsters\Troll.cs = monsters\Troll.cs
		monsters\TyrannosaurusRex.cs = monsters\TyrannosaurusRex.cs
		monsters\Unicorn.cs = monsters\Unicorn.cs
		monsters\Vampire.cs = monsters\Vampire.cs
		monsters\VampireSpawn.cs = monsters\VampireSpawn.cs
		monsters\Veteran.cs = monsters\Veteran.cs
		monsters\VioletFungus.cs = monsters\VioletFungus.cs
		monsters\Vrock.cs = monsters\Vrock.cs
		monsters\Vulture.cs = monsters\Vulture.cs
		monsters\Warhorse.cs = monsters\Warhorse.cs
		monsters\WarhorseSkeleton.cs = monsters\WarhorseSkeleton.cs
		monsters\WaterElemental.cs = monsters\WaterElemental.cs
		monsters\Weasel.cs = monsters\Weasel.cs
		monsters\Werebear.cs = monsters\Werebear.cs
		monsters\Wereboar.cs = monsters\Wereboar.cs
		monsters\Wererat.cs = monsters\Wererat.cs
		monsters\Weretiger.cs = monsters\Weretiger.cs
		monsters\Werewolf.cs = monsters\Werewolf.cs
		monsters\WhiteDragonWyrmling.cs = monsters\WhiteDragonWyrmling.cs
		monsters\Wight.cs = monsters\Wight.cs
		monsters\Will-o'-Wisp.cs = monsters\Will-o'-Wisp.cs
		monsters\WinterWolf.cs = monsters\WinterWolf.cs
		monsters\Wolf.cs = monsters\Wolf.cs
		monsters\Worg.cs = monsters\Worg.cs
		monsters\Wraith.cs = monsters\Wraith.cs
		monsters\Wyvern.cs = monsters\Wyvern.cs
		monsters\Xorn.cs = monsters\Xorn.cs
		monsters\YoungBlackDragon.cs = monsters\YoungBlackDragon.cs
		monsters\YoungBlueDragon.cs = monsters\YoungBlueDragon.cs
		monsters\YoungBrassDragon.cs = monsters\YoungBrassDragon.cs
		monsters\YoungBronzeDragon.cs = monsters\YoungBronzeDragon.cs
		monsters\YoungCopperDragon.cs = monsters\YoungCopperDragon.cs
		monsters\YoungGoldDragon.cs = monsters\YoungGoldDragon.cs
		monsters\YoungGreenDragon.cs = monsters\YoungGreenDragon.cs
		monsters\YoungRedDragon.cs = monsters\YoungRedDragon.cs
		monsters\YoungSilverDragon.cs = monsters\YoungSilverDragon.cs
		monsters\YoungWhiteDragon.cs = monsters\YoungWhiteDragon.cs
		monsters\Zombie.cs = monsters\Zombie.cs
	EndProjectSection
EndProject
Global
	GlobalSection(SolutionConfigurationPlatforms) = preSolution
		Debug|Any CPU = Debug|Any CPU
		Release|Any CPU = Release|Any CPU
	EndGlobalSection
	GlobalSection(ProjectConfigurationPlatforms) = postSolution
		{73D7B137-5E94-45BC-B22D-620995AF16E7}.Debug|Any CPU.ActiveCfg = Debug|Any CPU
		{73D7B137-5E94-45BC-B22D-620995AF16E7}.Debug|Any CPU.Build.0 = Debug|Any CPU
		{73D7B137-5E94-45BC-B22D-620995AF16E7}.Release|Any CPU.ActiveCfg = Release|Any CPU
		{73D7B137-5E94-45BC-B22D-620995AF16E7}.Release|Any CPU.Build.0 = Release|Any CPU
		{577C0545-2235-41CA-A069-56256C0F401E}.Debug|Any CPU.ActiveCfg = Debug|Any CPU
		{577C0545-2235-41CA-A069-56256C0F401E}.Debug|Any CPU.Build.0 = Debug|Any CPU
		{577C0545-2235-41CA-A069-56256C0F401E}.Release|Any CPU.ActiveCfg = Release|Any CPU
		{577C0545-2235-41CA-A069-56256C0F401E}.Release|Any CPU.Build.0 = Release|Any CPU
		{C4CE8F6A-7D53-416C-8F88-D8A65710D889}.Debug|Any CPU.ActiveCfg = Debug|Any CPU
		{C4CE8F6A-7D53-416C-8F88-D8A65710D889}.Debug|Any CPU.Build.0 = Debug|Any CPU
		{C4CE8F6A-7D53-416C-8F88-D8A65710D889}.Release|Any CPU.ActiveCfg = Release|Any CPU
		{C4CE8F6A-7D53-416C-8F88-D8A65710D889}.Release|Any CPU.Build.0 = Release|Any CPU
		{6142DA66-3112-4795-9F67-80FBCD53D0F2}.Debug|Any CPU.ActiveCfg = Debug|Any CPU
		{6142DA66-3112-4795-9F67-80FBCD53D0F2}.Debug|Any CPU.Build.0 = Debug|Any CPU
		{6142DA66-3112-4795-9F67-80FBCD53D0F2}.Release|Any CPU.ActiveCfg = Release|Any CPU
		{6142DA66-3112-4795-9F67-80FBCD53D0F2}.Release|Any CPU.Build.0 = Release|Any CPU
		{047CDB4A-B4CF-40E4-9B0B-08A504A26AA1}.Debug|Any CPU.ActiveCfg = Debug|Any CPU
		{047CDB4A-B4CF-40E4-9B0B-08A504A26AA1}.Debug|Any CPU.Build.0 = Debug|Any CPU
		{047CDB4A-B4CF-40E4-9B0B-08A504A26AA1}.Release|Any CPU.ActiveCfg = Release|Any CPU
		{047CDB4A-B4CF-40E4-9B0B-08A504A26AA1}.Release|Any CPU.Build.0 = Release|Any CPU
		{37DFCB10-B42E-4F98-9676-2D4A3BF55A05}.Debug|Any CPU.ActiveCfg = Debug|Any CPU
		{37DFCB10-B42E-4F98-9676-2D4A3BF55A05}.Debug|Any CPU.Build.0 = Debug|Any CPU
		{37DFCB10-B42E-4F98-9676-2D4A3BF55A05}.Release|Any CPU.ActiveCfg = Release|Any CPU
		{37DFCB10-B42E-4F98-9676-2D4A3BF55A05}.Release|Any CPU.Build.0 = Release|Any CPU
		{FE5C7057-AB07-4A5D-BE15-F78CA90AF5F6}.Debug|Any CPU.ActiveCfg = Debug|Any CPU
		{FE5C7057-AB07-4A5D-BE15-F78CA90AF5F6}.Debug|Any CPU.Build.0 = Debug|Any CPU
		{FE5C7057-AB07-4A5D-BE15-F78CA90AF5F6}.Release|Any CPU.ActiveCfg = Release|Any CPU
		{FE5C7057-AB07-4A5D-BE15-F78CA90AF5F6}.Release|Any CPU.Build.0 = Release|Any CPU
		{0DFD005A-461E-4120-A6CD-D155A1039AE1}.Debug|Any CPU.ActiveCfg = Debug|Any CPU
		{0DFD005A-461E-4120-A6CD-D155A1039AE1}.Debug|Any CPU.Build.0 = Debug|Any CPU
		{0DFD005A-461E-4120-A6CD-D155A1039AE1}.Release|Any CPU.ActiveCfg = Release|Any CPU
		{0DFD005A-461E-4120-A6CD-D155A1039AE1}.Release|Any CPU.Build.0 = Release|Any CPU
		{08A0F2E4-B09B-4D87-A96C-8A2BEAF0660D}.Debug|Any CPU.ActiveCfg = Debug|Any CPU
		{08A0F2E4-B09B-4D87-A96C-8A2BEAF0660D}.Debug|Any CPU.Build.0 = Debug|Any CPU
		{08A0F2E4-B09B-4D87-A96C-8A2BEAF0660D}.Debug|Any CPU.Deploy.0 = Debug|Any CPU
		{08A0F2E4-B09B-4D87-A96C-8A2BEAF0660D}.Release|Any CPU.ActiveCfg = Release|Any CPU
		{08A0F2E4-B09B-4D87-A96C-8A2BEAF0660D}.Release|Any CPU.Build.0 = Release|Any CPU
		{08A0F2E4-B09B-4D87-A96C-8A2BEAF0660D}.Release|Any CPU.Deploy.0 = Release|Any CPU
		{E5444ABE-DCA5-4AD9-97E6-0615FCFFBEAA}.Debug|Any CPU.ActiveCfg = Debug|Any CPU
		{E5444ABE-DCA5-4AD9-97E6-0615FCFFBEAA}.Debug|Any CPU.Build.0 = Debug|Any CPU
		{E5444ABE-DCA5-4AD9-97E6-0615FCFFBEAA}.Release|Any CPU.ActiveCfg = Release|Any CPU
		{E5444ABE-DCA5-4AD9-97E6-0615FCFFBEAA}.Release|Any CPU.Build.0 = Release|Any CPU
		{A19C0356-2F25-4CC3-BEA6-2FC467F1A5B6}.Debug|Any CPU.ActiveCfg = Debug|Any CPU
		{A19C0356-2F25-4CC3-BEA6-2FC467F1A5B6}.Debug|Any CPU.Build.0 = Debug|Any CPU
		{A19C0356-2F25-4CC3-BEA6-2FC467F1A5B6}.Release|Any CPU.ActiveCfg = Release|Any CPU
		{A19C0356-2F25-4CC3-BEA6-2FC467F1A5B6}.Release|Any CPU.Build.0 = Release|Any CPU
		{70E9BB24-78C9-46F2-8CB0-E920CB9C0BC9}.Debug|Any CPU.ActiveCfg = Debug|Any CPU
		{70E9BB24-78C9-46F2-8CB0-E920CB9C0BC9}.Debug|Any CPU.Build.0 = Debug|Any CPU
		{70E9BB24-78C9-46F2-8CB0-E920CB9C0BC9}.Release|Any CPU.ActiveCfg = Release|Any CPU
		{70E9BB24-78C9-46F2-8CB0-E920CB9C0BC9}.Release|Any CPU.Build.0 = Release|Any CPU
		{DFC5D668-61DC-43EC-AC86-09CB0F3F3D25}.Debug|Any CPU.ActiveCfg = Debug|Any CPU
		{DFC5D668-61DC-43EC-AC86-09CB0F3F3D25}.Debug|Any CPU.Build.0 = Debug|Any CPU
		{DFC5D668-61DC-43EC-AC86-09CB0F3F3D25}.Release|Any CPU.ActiveCfg = Release|Any CPU
		{DFC5D668-61DC-43EC-AC86-09CB0F3F3D25}.Release|Any CPU.Build.0 = Release|Any CPU
		{4506DA99-1062-4FF5-B853-08F52B1C16E8}.Debug|Any CPU.ActiveCfg = Debug|Any CPU
		{4506DA99-1062-4FF5-B853-08F52B1C16E8}.Debug|Any CPU.Build.0 = Debug|Any CPU
		{4506DA99-1062-4FF5-B853-08F52B1C16E8}.Release|Any CPU.ActiveCfg = Release|Any CPU
		{4506DA99-1062-4FF5-B853-08F52B1C16E8}.Release|Any CPU.Build.0 = Release|Any CPU
	EndGlobalSection
	GlobalSection(SolutionProperties) = preSolution
		HideSolutionNode = FALSE
	EndGlobalSection
	GlobalSection(NestedProjects) = preSolution
		{73D7B137-5E94-45BC-B22D-620995AF16E7} = {8991D626-24A7-4FCE-BF65-11E53EDAF4E1}
		{577C0545-2235-41CA-A069-56256C0F401E} = {8991D626-24A7-4FCE-BF65-11E53EDAF4E1}
		{C4CE8F6A-7D53-416C-8F88-D8A65710D889} = {8991D626-24A7-4FCE-BF65-11E53EDAF4E1}
		{6142DA66-3112-4795-9F67-80FBCD53D0F2} = {8991D626-24A7-4FCE-BF65-11E53EDAF4E1}
		{047CDB4A-B4CF-40E4-9B0B-08A504A26AA1} = {8991D626-24A7-4FCE-BF65-11E53EDAF4E1}
		{37DFCB10-B42E-4F98-9676-2D4A3BF55A05} = {8991D626-24A7-4FCE-BF65-11E53EDAF4E1}
		{FE5C7057-AB07-4A5D-BE15-F78CA90AF5F6} = {8991D626-24A7-4FCE-BF65-11E53EDAF4E1}
		{0DFD005A-461E-4120-A6CD-D155A1039AE1} = {8991D626-24A7-4FCE-BF65-11E53EDAF4E1}
		{2A7B5D2C-68B2-49CD-B23E-1311DE5FD0BF} = {B8EBC409-9654-4EB6-B6D4-F3DFA423B49E}
		{08A0F2E4-B09B-4D87-A96C-8A2BEAF0660D} = {2A7B5D2C-68B2-49CD-B23E-1311DE5FD0BF}
		{E5444ABE-DCA5-4AD9-97E6-0615FCFFBEAA} = {2A7B5D2C-68B2-49CD-B23E-1311DE5FD0BF}
		{A19C0356-2F25-4CC3-BEA6-2FC467F1A5B6} = {2A7B5D2C-68B2-49CD-B23E-1311DE5FD0BF}
		{70E9BB24-78C9-46F2-8CB0-E920CB9C0BC9} = {2A7B5D2C-68B2-49CD-B23E-1311DE5FD0BF}
		{DFC5D668-61DC-43EC-AC86-09CB0F3F3D25} = {8991D626-24A7-4FCE-BF65-11E53EDAF4E1}
		{AAB070AA-9377-4229-8BAA-30BE03A46034} = {B8EBC409-9654-4EB6-B6D4-F3DFA423B49E}
		{4506DA99-1062-4FF5-B853-08F52B1C16E8} = {AAB070AA-9377-4229-8BAA-30BE03A46034}
	EndGlobalSection
	GlobalSection(ExtensibilityGlobals) = postSolution
		SolutionGuid = {327517B2-8B9C-4CA3-AC89-441B0FCE5B94}
	EndGlobalSection
EndGlobal
