
Microsoft Visual Studio Solution File, Format Version 12.00
# Visual Studio Version 17
VisualStudioVersion = 17.9.34622.214
MinimumVisualStudioVersion = 10.0.40219.1
Project("{9A19103F-16F7-4668-BE54-9A1E7A4F7556}") = "NetGore.Db", "NetGore\NetGore.Db\NetGore.Db.csproj", "{25BDAE41-4A45-40A8-B151-3D78BAD33194}"
EndProject
Project("{9A19103F-16F7-4668-BE54-9A1E7A4F7556}") = "NetGore.Features", "NetGore\NetGore.Features\NetGore.Features.csproj", "{24064304-FA4C-4D43-8CC8-02D671AA6D45}"
EndProject
Project("{2150E333-8FDC-42A3-9474-1A3956D46DE8}") = "Lidgren", "Lidgren", "{3C85DBFE-6EF8-4287-82A4-0FB53ED21679}"
EndProject
Project("{9A19103F-16F7-4668-BE54-9A1E7A4F7556}") = "NetGore.CLI", "UI\NetGore.CLI\NetGore.CLI.csproj", "{EC368F4C-C405-4896-A8B6-5382D99F4B24}"
EndProject
Project("{2150E333-8FDC-42A3-9474-1A3956D46DE8}") = "UI", "UI", "{1A734E0C-58C2-4EEB-9171-67E0ECFC6839}"
EndProject
Project("{9A19103F-16F7-4668-BE54-9A1E7A4F7556}") = "NetGore.Features.Client", "NetGore\NetGore.Features.Client\NetGore.Features.Client.csproj", "{0F0AFA2F-8DDA-4B65-A1EC-63A556144310}"
EndProject
Project("{9A19103F-16F7-4668-BE54-9A1E7A4F7556}") = "NetGore.Features.Server", "NetGore\NetGore.Features.Server\NetGore.Features.Server.csproj", "{EB46B55E-A698-42C4-B946-D7D9BBE62365}"
EndProject
Project("{9A19103F-16F7-4668-BE54-9A1E7A4F7556}") = "Lidgren.Network", "Network\Lidgren\Lidgren.Network\Lidgren.Network.csproj", "{42EC4521-DFE5-4FD7-B329-E98B425052D2}"
EndProject
Project("{9A19103F-16F7-4668-BE54-9A1E7A4F7556}") = "NetGore", "UI\NetGore\NetGore.csproj", "{52B95794-FB21-4063-8571-B46CE22F3491}"
EndProject
Project("{9A19103F-16F7-4668-BE54-9A1E7A4F7556}") = "NetGore.UI.Admin", "UI\NetGore.Ui.Admin\NetGore.UI.Admin.csproj", "{0FB0E89E-E80F-4236-AB8F-A9A78A3E5C9D}"
EndProject
Project("{2150E333-8FDC-42A3-9474-1A3956D46DE8}") = "Tools", "Tools", "{B24523B7-AD4E-4559-992B-51D07739B588}"
EndProject
Project("{2150E333-8FDC-42A3-9474-1A3956D46DE8}") = "d20", "d20", "{B55EA104-3A3C-4E6E-A0FB-38038D40758E}"
EndProject
Project("{2150E333-8FDC-42A3-9474-1A3956D46DE8}") = "Demo", "Demo", "{FC24B0EF-0CB3-46C3-A60A-02849E92F7C7}"
EndProject
Project("{2150E333-8FDC-42A3-9474-1A3956D46DE8}") = "NetGore", "NetGore", "{4159F626-1320-47F6-81AD-92EA1677B4C7}"
EndProject
Project("{2150E333-8FDC-42A3-9474-1A3956D46DE8}") = "Tests", "Tests", "{515C73CD-1C2E-4431-8331-BA64F44CAB01}"
EndProject
Project("{2150E333-8FDC-42A3-9474-1A3956D46DE8}") = "WebSite", "WebSite", "{27CA46C6-7602-4AEA-A42C-10F443D07461}"
	ProjectSection(SolutionItems) = preProject
		..\docs\cname = ..\docs\cname
		..\docs\config.tyml = ..\docs\config.tyml
		..\docs\index.html = ..\docs\index.html
		..\docs\params.json = ..\docs\params.json
		..\docs\README.md = ..\docs\README.md
	EndProjectSection
EndProject
Project("{9A19103F-16F7-4668-BE54-9A1E7A4F7556}") = "NetGore", "NetGore\.NetGore\NetGore.csproj", "{0D1293D0-6423-462C-B2F9-A0AEF4DD38D0}"
EndProject
Project("{9A19103F-16F7-4668-BE54-9A1E7A4F7556}") = "D20.Monsters", "d20\D20.Monsters\D20.Monsters.csproj", "{764057EA-CFF6-47BF-B915-57FD5BC612A6}"
EndProject
Project("{9A19103F-16F7-4668-BE54-9A1E7A4F7556}") = "D20.Core", "d20\D20.Core\D20.Core.csproj", "{DBCBE856-82CB-416E-ACCA-062972960958}"
EndProject
Project("{9A19103F-16F7-4668-BE54-9A1E7A4F7556}") = "D20.Data", "d20\D20.Data\D20.Data.csproj", "{99112E32-DE1D-41A7-8518-BBB488ACA05C}"
EndProject
Project("{9A19103F-16F7-4668-BE54-9A1E7A4F7556}") = "D20.Character", "d20\D20.Character\D20.Character.csproj", "{CD2BBA85-8058-4221-AF38-A1995D3E420B}"
EndProject
Project("{9A19103F-16F7-4668-BE54-9A1E7A4F7556}") = "NetGore.Core", "NetGore\NetGore.Core\NetGore.Core.csproj", "{66BDA245-D5D4-4DE7-84E6-A6825E056D22}"
EndProject
Project("{9A19103F-16F7-4668-BE54-9A1E7A4F7556}") = "D20.Goods", "d20\D20.Goods\D20.Goods.csproj", "{52A24781-FBBB-49E0-98FF-763CB321DF27}"
EndProject
Project("{9A19103F-16F7-4668-BE54-9A1E7A4F7556}") = "D20.Spells", "d20\d20.Spells\D20.Spells.csproj", "{43438171-A071-4ED9-8C14-BCBCD3412183}"
EndProject
Project("{9A19103F-16F7-4668-BE54-9A1E7A4F7556}") = "D20.MagicItems", "d20\d20.MagicItems\D20.MagicItems.csproj", "{ED6F321F-5213-4A26-A477-50DA7F6C23F7}"
EndProject
Project("{FAE04EC0-301F-11D3-BF4B-00C04F79EFBC}") = "D20.Gaming", "d20\D20.Gaming\D20.Gaming.csproj", "{D145D6DF-BD88-4B58-A174-658F375A1D2F}"
EndProject
Global
	GlobalSection(SolutionConfigurationPlatforms) = preSolution
		Debug|Any CPU = Debug|Any CPU
		Debug|x86 = Debug|x86
		DebugSideScroller|Any CPU = DebugSideScroller|Any CPU
		DebugSideScroller|x86 = DebugSideScroller|x86
		Mono|Any CPU = Mono|Any CPU
		Mono|x86 = Mono|x86
		MonoSideScroller|Any CPU = MonoSideScroller|Any CPU
		MonoSideScroller|x86 = MonoSideScroller|x86
		Release|Any CPU = Release|Any CPU
		Release|x86 = Release|x86
		ReleaseSideScroller|Any CPU = ReleaseSideScroller|Any CPU
		ReleaseSideScroller|x86 = ReleaseSideScroller|x86
	EndGlobalSection
	GlobalSection(ProjectConfigurationPlatforms) = postSolution
		{25BDAE41-4A45-40A8-B151-3D78BAD33194}.Debug|Any CPU.ActiveCfg = Debug|Any CPU
		{25BDAE41-4A45-40A8-B151-3D78BAD33194}.Debug|Any CPU.Build.0 = Debug|Any CPU
		{25BDAE41-4A45-40A8-B151-3D78BAD33194}.Debug|x86.ActiveCfg = Debug|Any CPU
		{25BDAE41-4A45-40A8-B151-3D78BAD33194}.Debug|x86.Build.0 = Debug|Any CPU
		{25BDAE41-4A45-40A8-B151-3D78BAD33194}.DebugSideScroller|Any CPU.ActiveCfg = Debug|Any CPU
		{25BDAE41-4A45-40A8-B151-3D78BAD33194}.DebugSideScroller|Any CPU.Build.0 = Debug|Any CPU
		{25BDAE41-4A45-40A8-B151-3D78BAD33194}.DebugSideScroller|x86.ActiveCfg = Debug|Any CPU
		{25BDAE41-4A45-40A8-B151-3D78BAD33194}.DebugSideScroller|x86.Build.0 = Debug|Any CPU
		{25BDAE41-4A45-40A8-B151-3D78BAD33194}.Mono|Any CPU.ActiveCfg = Release|Any CPU
		{25BDAE41-4A45-40A8-B151-3D78BAD33194}.Mono|Any CPU.Build.0 = Release|Any CPU
		{25BDAE41-4A45-40A8-B151-3D78BAD33194}.Mono|x86.ActiveCfg = Release|Any CPU
		{25BDAE41-4A45-40A8-B151-3D78BAD33194}.Mono|x86.Build.0 = Release|Any CPU
		{25BDAE41-4A45-40A8-B151-3D78BAD33194}.MonoSideScroller|Any CPU.ActiveCfg = Release|Any CPU
		{25BDAE41-4A45-40A8-B151-3D78BAD33194}.MonoSideScroller|Any CPU.Build.0 = Release|Any CPU
		{25BDAE41-4A45-40A8-B151-3D78BAD33194}.MonoSideScroller|x86.ActiveCfg = Release|Any CPU
		{25BDAE41-4A45-40A8-B151-3D78BAD33194}.MonoSideScroller|x86.Build.0 = Release|Any CPU
		{25BDAE41-4A45-40A8-B151-3D78BAD33194}.Release|Any CPU.ActiveCfg = Release|Any CPU
		{25BDAE41-4A45-40A8-B151-3D78BAD33194}.Release|Any CPU.Build.0 = Release|Any CPU
		{25BDAE41-4A45-40A8-B151-3D78BAD33194}.Release|x86.ActiveCfg = Release|Any CPU
		{25BDAE41-4A45-40A8-B151-3D78BAD33194}.Release|x86.Build.0 = Release|Any CPU
		{25BDAE41-4A45-40A8-B151-3D78BAD33194}.ReleaseSideScroller|Any CPU.ActiveCfg = Release|Any CPU
		{25BDAE41-4A45-40A8-B151-3D78BAD33194}.ReleaseSideScroller|Any CPU.Build.0 = Release|Any CPU
		{25BDAE41-4A45-40A8-B151-3D78BAD33194}.ReleaseSideScroller|x86.ActiveCfg = Release|Any CPU
		{25BDAE41-4A45-40A8-B151-3D78BAD33194}.ReleaseSideScroller|x86.Build.0 = Release|Any CPU
		{24064304-FA4C-4D43-8CC8-02D671AA6D45}.Debug|Any CPU.ActiveCfg = Debug|Any CPU
		{24064304-FA4C-4D43-8CC8-02D671AA6D45}.Debug|Any CPU.Build.0 = Debug|Any CPU
		{24064304-FA4C-4D43-8CC8-02D671AA6D45}.Debug|x86.ActiveCfg = Debug|Any CPU
		{24064304-FA4C-4D43-8CC8-02D671AA6D45}.Debug|x86.Build.0 = Debug|Any CPU
		{24064304-FA4C-4D43-8CC8-02D671AA6D45}.DebugSideScroller|Any CPU.ActiveCfg = Debug|Any CPU
		{24064304-FA4C-4D43-8CC8-02D671AA6D45}.DebugSideScroller|Any CPU.Build.0 = Debug|Any CPU
		{24064304-FA4C-4D43-8CC8-02D671AA6D45}.DebugSideScroller|x86.ActiveCfg = Debug|Any CPU
		{24064304-FA4C-4D43-8CC8-02D671AA6D45}.DebugSideScroller|x86.Build.0 = Debug|Any CPU
		{24064304-FA4C-4D43-8CC8-02D671AA6D45}.Mono|Any CPU.ActiveCfg = Release|Any CPU
		{24064304-FA4C-4D43-8CC8-02D671AA6D45}.Mono|Any CPU.Build.0 = Release|Any CPU
		{24064304-FA4C-4D43-8CC8-02D671AA6D45}.Mono|x86.ActiveCfg = Release|Any CPU
		{24064304-FA4C-4D43-8CC8-02D671AA6D45}.Mono|x86.Build.0 = Release|Any CPU
		{24064304-FA4C-4D43-8CC8-02D671AA6D45}.MonoSideScroller|Any CPU.ActiveCfg = Release|Any CPU
		{24064304-FA4C-4D43-8CC8-02D671AA6D45}.MonoSideScroller|Any CPU.Build.0 = Release|Any CPU
		{24064304-FA4C-4D43-8CC8-02D671AA6D45}.MonoSideScroller|x86.ActiveCfg = Release|Any CPU
		{24064304-FA4C-4D43-8CC8-02D671AA6D45}.MonoSideScroller|x86.Build.0 = Release|Any CPU
		{24064304-FA4C-4D43-8CC8-02D671AA6D45}.Release|Any CPU.ActiveCfg = Release|Any CPU
		{24064304-FA4C-4D43-8CC8-02D671AA6D45}.Release|Any CPU.Build.0 = Release|Any CPU
		{24064304-FA4C-4D43-8CC8-02D671AA6D45}.Release|x86.ActiveCfg = Release|Any CPU
		{24064304-FA4C-4D43-8CC8-02D671AA6D45}.Release|x86.Build.0 = Release|Any CPU
		{24064304-FA4C-4D43-8CC8-02D671AA6D45}.ReleaseSideScroller|Any CPU.ActiveCfg = Release|Any CPU
		{24064304-FA4C-4D43-8CC8-02D671AA6D45}.ReleaseSideScroller|Any CPU.Build.0 = Release|Any CPU
		{24064304-FA4C-4D43-8CC8-02D671AA6D45}.ReleaseSideScroller|x86.ActiveCfg = Release|Any CPU
		{24064304-FA4C-4D43-8CC8-02D671AA6D45}.ReleaseSideScroller|x86.Build.0 = Release|Any CPU
		{EC368F4C-C405-4896-A8B6-5382D99F4B24}.Debug|Any CPU.ActiveCfg = Debug|Any CPU
		{EC368F4C-C405-4896-A8B6-5382D99F4B24}.Debug|Any CPU.Build.0 = Debug|Any CPU
		{EC368F4C-C405-4896-A8B6-5382D99F4B24}.Debug|x86.ActiveCfg = Debug|Any CPU
		{EC368F4C-C405-4896-A8B6-5382D99F4B24}.Debug|x86.Build.0 = Debug|Any CPU
		{EC368F4C-C405-4896-A8B6-5382D99F4B24}.DebugSideScroller|Any CPU.ActiveCfg = Debug|Any CPU
		{EC368F4C-C405-4896-A8B6-5382D99F4B24}.DebugSideScroller|Any CPU.Build.0 = Debug|Any CPU
		{EC368F4C-C405-4896-A8B6-5382D99F4B24}.DebugSideScroller|x86.ActiveCfg = Debug|Any CPU
		{EC368F4C-C405-4896-A8B6-5382D99F4B24}.DebugSideScroller|x86.Build.0 = Debug|Any CPU
		{EC368F4C-C405-4896-A8B6-5382D99F4B24}.Mono|Any CPU.ActiveCfg = Release|Any CPU
		{EC368F4C-C405-4896-A8B6-5382D99F4B24}.Mono|Any CPU.Build.0 = Release|Any CPU
		{EC368F4C-C405-4896-A8B6-5382D99F4B24}.Mono|x86.ActiveCfg = Release|Any CPU
		{EC368F4C-C405-4896-A8B6-5382D99F4B24}.Mono|x86.Build.0 = Release|Any CPU
		{EC368F4C-C405-4896-A8B6-5382D99F4B24}.MonoSideScroller|Any CPU.ActiveCfg = Release|Any CPU
		{EC368F4C-C405-4896-A8B6-5382D99F4B24}.MonoSideScroller|Any CPU.Build.0 = Release|Any CPU
		{EC368F4C-C405-4896-A8B6-5382D99F4B24}.MonoSideScroller|x86.ActiveCfg = Release|Any CPU
		{EC368F4C-C405-4896-A8B6-5382D99F4B24}.MonoSideScroller|x86.Build.0 = Release|Any CPU
		{EC368F4C-C405-4896-A8B6-5382D99F4B24}.Release|Any CPU.ActiveCfg = Release|Any CPU
		{EC368F4C-C405-4896-A8B6-5382D99F4B24}.Release|Any CPU.Build.0 = Release|Any CPU
		{EC368F4C-C405-4896-A8B6-5382D99F4B24}.Release|x86.ActiveCfg = Release|Any CPU
		{EC368F4C-C405-4896-A8B6-5382D99F4B24}.Release|x86.Build.0 = Release|Any CPU
		{EC368F4C-C405-4896-A8B6-5382D99F4B24}.ReleaseSideScroller|Any CPU.ActiveCfg = Release|Any CPU
		{EC368F4C-C405-4896-A8B6-5382D99F4B24}.ReleaseSideScroller|Any CPU.Build.0 = Release|Any CPU
		{EC368F4C-C405-4896-A8B6-5382D99F4B24}.ReleaseSideScroller|x86.ActiveCfg = Release|Any CPU
		{EC368F4C-C405-4896-A8B6-5382D99F4B24}.ReleaseSideScroller|x86.Build.0 = Release|Any CPU
		{0F0AFA2F-8DDA-4B65-A1EC-63A556144310}.Debug|Any CPU.ActiveCfg = Debug|Any CPU
		{0F0AFA2F-8DDA-4B65-A1EC-63A556144310}.Debug|Any CPU.Build.0 = Debug|Any CPU
		{0F0AFA2F-8DDA-4B65-A1EC-63A556144310}.Debug|x86.ActiveCfg = Debug|Any CPU
		{0F0AFA2F-8DDA-4B65-A1EC-63A556144310}.Debug|x86.Build.0 = Debug|Any CPU
		{0F0AFA2F-8DDA-4B65-A1EC-63A556144310}.DebugSideScroller|Any CPU.ActiveCfg = Debug|Any CPU
		{0F0AFA2F-8DDA-4B65-A1EC-63A556144310}.DebugSideScroller|Any CPU.Build.0 = Debug|Any CPU
		{0F0AFA2F-8DDA-4B65-A1EC-63A556144310}.DebugSideScroller|x86.ActiveCfg = Debug|Any CPU
		{0F0AFA2F-8DDA-4B65-A1EC-63A556144310}.DebugSideScroller|x86.Build.0 = Debug|Any CPU
		{0F0AFA2F-8DDA-4B65-A1EC-63A556144310}.Mono|Any CPU.ActiveCfg = Release|Any CPU
		{0F0AFA2F-8DDA-4B65-A1EC-63A556144310}.Mono|Any CPU.Build.0 = Release|Any CPU
		{0F0AFA2F-8DDA-4B65-A1EC-63A556144310}.Mono|x86.ActiveCfg = Release|Any CPU
		{0F0AFA2F-8DDA-4B65-A1EC-63A556144310}.Mono|x86.Build.0 = Release|Any CPU
		{0F0AFA2F-8DDA-4B65-A1EC-63A556144310}.MonoSideScroller|Any CPU.ActiveCfg = Release|Any CPU
		{0F0AFA2F-8DDA-4B65-A1EC-63A556144310}.MonoSideScroller|Any CPU.Build.0 = Release|Any CPU
		{0F0AFA2F-8DDA-4B65-A1EC-63A556144310}.MonoSideScroller|x86.ActiveCfg = Release|Any CPU
		{0F0AFA2F-8DDA-4B65-A1EC-63A556144310}.MonoSideScroller|x86.Build.0 = Release|Any CPU
		{0F0AFA2F-8DDA-4B65-A1EC-63A556144310}.Release|Any CPU.ActiveCfg = Release|Any CPU
		{0F0AFA2F-8DDA-4B65-A1EC-63A556144310}.Release|Any CPU.Build.0 = Release|Any CPU
		{0F0AFA2F-8DDA-4B65-A1EC-63A556144310}.Release|x86.ActiveCfg = Release|Any CPU
		{0F0AFA2F-8DDA-4B65-A1EC-63A556144310}.Release|x86.Build.0 = Release|Any CPU
		{0F0AFA2F-8DDA-4B65-A1EC-63A556144310}.ReleaseSideScroller|Any CPU.ActiveCfg = Release|Any CPU
		{0F0AFA2F-8DDA-4B65-A1EC-63A556144310}.ReleaseSideScroller|Any CPU.Build.0 = Release|Any CPU
		{0F0AFA2F-8DDA-4B65-A1EC-63A556144310}.ReleaseSideScroller|x86.ActiveCfg = Release|Any CPU
		{0F0AFA2F-8DDA-4B65-A1EC-63A556144310}.ReleaseSideScroller|x86.Build.0 = Release|Any CPU
		{EB46B55E-A698-42C4-B946-D7D9BBE62365}.Debug|Any CPU.ActiveCfg = Debug|Any CPU
		{EB46B55E-A698-42C4-B946-D7D9BBE62365}.Debug|Any CPU.Build.0 = Debug|Any CPU
		{EB46B55E-A698-42C4-B946-D7D9BBE62365}.Debug|x86.ActiveCfg = Debug|Any CPU
		{EB46B55E-A698-42C4-B946-D7D9BBE62365}.Debug|x86.Build.0 = Debug|Any CPU
		{EB46B55E-A698-42C4-B946-D7D9BBE62365}.DebugSideScroller|Any CPU.ActiveCfg = Debug|Any CPU
		{EB46B55E-A698-42C4-B946-D7D9BBE62365}.DebugSideScroller|Any CPU.Build.0 = Debug|Any CPU
		{EB46B55E-A698-42C4-B946-D7D9BBE62365}.DebugSideScroller|x86.ActiveCfg = Debug|Any CPU
		{EB46B55E-A698-42C4-B946-D7D9BBE62365}.DebugSideScroller|x86.Build.0 = Debug|Any CPU
		{EB46B55E-A698-42C4-B946-D7D9BBE62365}.Mono|Any CPU.ActiveCfg = Release|Any CPU
		{EB46B55E-A698-42C4-B946-D7D9BBE62365}.Mono|Any CPU.Build.0 = Release|Any CPU
		{EB46B55E-A698-42C4-B946-D7D9BBE62365}.Mono|x86.ActiveCfg = Release|Any CPU
		{EB46B55E-A698-42C4-B946-D7D9BBE62365}.Mono|x86.Build.0 = Release|Any CPU
		{EB46B55E-A698-42C4-B946-D7D9BBE62365}.MonoSideScroller|Any CPU.ActiveCfg = Release|Any CPU
		{EB46B55E-A698-42C4-B946-D7D9BBE62365}.MonoSideScroller|Any CPU.Build.0 = Release|Any CPU
		{EB46B55E-A698-42C4-B946-D7D9BBE62365}.MonoSideScroller|x86.ActiveCfg = Release|Any CPU
		{EB46B55E-A698-42C4-B946-D7D9BBE62365}.MonoSideScroller|x86.Build.0 = Release|Any CPU
		{EB46B55E-A698-42C4-B946-D7D9BBE62365}.Release|Any CPU.ActiveCfg = Release|Any CPU
		{EB46B55E-A698-42C4-B946-D7D9BBE62365}.Release|Any CPU.Build.0 = Release|Any CPU
		{EB46B55E-A698-42C4-B946-D7D9BBE62365}.Release|x86.ActiveCfg = Release|Any CPU
		{EB46B55E-A698-42C4-B946-D7D9BBE62365}.Release|x86.Build.0 = Release|Any CPU
		{EB46B55E-A698-42C4-B946-D7D9BBE62365}.ReleaseSideScroller|Any CPU.ActiveCfg = Release|Any CPU
		{EB46B55E-A698-42C4-B946-D7D9BBE62365}.ReleaseSideScroller|Any CPU.Build.0 = Release|Any CPU
		{EB46B55E-A698-42C4-B946-D7D9BBE62365}.ReleaseSideScroller|x86.ActiveCfg = Release|Any CPU
		{EB46B55E-A698-42C4-B946-D7D9BBE62365}.ReleaseSideScroller|x86.Build.0 = Release|Any CPU
		{42EC4521-DFE5-4FD7-B329-E98B425052D2}.Debug|Any CPU.ActiveCfg = Debug|Any CPU
		{42EC4521-DFE5-4FD7-B329-E98B425052D2}.Debug|Any CPU.Build.0 = Debug|Any CPU
		{42EC4521-DFE5-4FD7-B329-E98B425052D2}.Debug|x86.ActiveCfg = Debug|Any CPU
		{42EC4521-DFE5-4FD7-B329-E98B425052D2}.Debug|x86.Build.0 = Debug|Any CPU
		{42EC4521-DFE5-4FD7-B329-E98B425052D2}.DebugSideScroller|Any CPU.ActiveCfg = Debug|Any CPU
		{42EC4521-DFE5-4FD7-B329-E98B425052D2}.DebugSideScroller|Any CPU.Build.0 = Debug|Any CPU
		{42EC4521-DFE5-4FD7-B329-E98B425052D2}.DebugSideScroller|x86.ActiveCfg = Debug|Any CPU
		{42EC4521-DFE5-4FD7-B329-E98B425052D2}.DebugSideScroller|x86.Build.0 = Debug|Any CPU
		{42EC4521-DFE5-4FD7-B329-E98B425052D2}.Mono|Any CPU.ActiveCfg = Release|Any CPU
		{42EC4521-DFE5-4FD7-B329-E98B425052D2}.Mono|Any CPU.Build.0 = Release|Any CPU
		{42EC4521-DFE5-4FD7-B329-E98B425052D2}.Mono|x86.ActiveCfg = Release|Any CPU
		{42EC4521-DFE5-4FD7-B329-E98B425052D2}.Mono|x86.Build.0 = Release|Any CPU
		{42EC4521-DFE5-4FD7-B329-E98B425052D2}.MonoSideScroller|Any CPU.ActiveCfg = Release|Any CPU
		{42EC4521-DFE5-4FD7-B329-E98B425052D2}.MonoSideScroller|Any CPU.Build.0 = Release|Any CPU
		{42EC4521-DFE5-4FD7-B329-E98B425052D2}.MonoSideScroller|x86.ActiveCfg = Release|Any CPU
		{42EC4521-DFE5-4FD7-B329-E98B425052D2}.MonoSideScroller|x86.Build.0 = Release|Any CPU
		{42EC4521-DFE5-4FD7-B329-E98B425052D2}.Release|Any CPU.ActiveCfg = Release|Any CPU
		{42EC4521-DFE5-4FD7-B329-E98B425052D2}.Release|Any CPU.Build.0 = Release|Any CPU
		{42EC4521-DFE5-4FD7-B329-E98B425052D2}.Release|x86.ActiveCfg = Release|Any CPU
		{42EC4521-DFE5-4FD7-B329-E98B425052D2}.Release|x86.Build.0 = Release|Any CPU
		{42EC4521-DFE5-4FD7-B329-E98B425052D2}.ReleaseSideScroller|Any CPU.ActiveCfg = Release|Any CPU
		{42EC4521-DFE5-4FD7-B329-E98B425052D2}.ReleaseSideScroller|Any CPU.Build.0 = Release|Any CPU
		{42EC4521-DFE5-4FD7-B329-E98B425052D2}.ReleaseSideScroller|x86.ActiveCfg = Release|Any CPU
		{42EC4521-DFE5-4FD7-B329-E98B425052D2}.ReleaseSideScroller|x86.Build.0 = Release|Any CPU
		{52B95794-FB21-4063-8571-B46CE22F3491}.Debug|Any CPU.ActiveCfg = Debug|Any CPU
		{52B95794-FB21-4063-8571-B46CE22F3491}.Debug|Any CPU.Build.0 = Debug|Any CPU
		{52B95794-FB21-4063-8571-B46CE22F3491}.Debug|Any CPU.Deploy.0 = Debug|Any CPU
		{52B95794-FB21-4063-8571-B46CE22F3491}.Debug|x86.ActiveCfg = Debug|Any CPU
		{52B95794-FB21-4063-8571-B46CE22F3491}.Debug|x86.Build.0 = Debug|Any CPU
		{52B95794-FB21-4063-8571-B46CE22F3491}.Debug|x86.Deploy.0 = Debug|Any CPU
		{52B95794-FB21-4063-8571-B46CE22F3491}.DebugSideScroller|Any CPU.ActiveCfg = Debug|Any CPU
		{52B95794-FB21-4063-8571-B46CE22F3491}.DebugSideScroller|Any CPU.Build.0 = Debug|Any CPU
		{52B95794-FB21-4063-8571-B46CE22F3491}.DebugSideScroller|Any CPU.Deploy.0 = Debug|Any CPU
		{52B95794-FB21-4063-8571-B46CE22F3491}.DebugSideScroller|x86.ActiveCfg = Debug|Any CPU
		{52B95794-FB21-4063-8571-B46CE22F3491}.DebugSideScroller|x86.Build.0 = Debug|Any CPU
		{52B95794-FB21-4063-8571-B46CE22F3491}.DebugSideScroller|x86.Deploy.0 = Debug|Any CPU
		{52B95794-FB21-4063-8571-B46CE22F3491}.Mono|Any CPU.ActiveCfg = Release|Any CPU
		{52B95794-FB21-4063-8571-B46CE22F3491}.Mono|Any CPU.Build.0 = Release|Any CPU
		{52B95794-FB21-4063-8571-B46CE22F3491}.Mono|Any CPU.Deploy.0 = Release|Any CPU
		{52B95794-FB21-4063-8571-B46CE22F3491}.Mono|x86.ActiveCfg = Release|Any CPU
		{52B95794-FB21-4063-8571-B46CE22F3491}.Mono|x86.Build.0 = Release|Any CPU
		{52B95794-FB21-4063-8571-B46CE22F3491}.Mono|x86.Deploy.0 = Release|Any CPU
		{52B95794-FB21-4063-8571-B46CE22F3491}.MonoSideScroller|Any CPU.ActiveCfg = Release|Any CPU
		{52B95794-FB21-4063-8571-B46CE22F3491}.MonoSideScroller|Any CPU.Build.0 = Release|Any CPU
		{52B95794-FB21-4063-8571-B46CE22F3491}.MonoSideScroller|Any CPU.Deploy.0 = Release|Any CPU
		{52B95794-FB21-4063-8571-B46CE22F3491}.MonoSideScroller|x86.ActiveCfg = Release|Any CPU
		{52B95794-FB21-4063-8571-B46CE22F3491}.MonoSideScroller|x86.Build.0 = Release|Any CPU
		{52B95794-FB21-4063-8571-B46CE22F3491}.MonoSideScroller|x86.Deploy.0 = Release|Any CPU
		{52B95794-FB21-4063-8571-B46CE22F3491}.Release|Any CPU.ActiveCfg = Release|Any CPU
		{52B95794-FB21-4063-8571-B46CE22F3491}.Release|Any CPU.Build.0 = Release|Any CPU
		{52B95794-FB21-4063-8571-B46CE22F3491}.Release|Any CPU.Deploy.0 = Release|Any CPU
		{52B95794-FB21-4063-8571-B46CE22F3491}.Release|x86.ActiveCfg = Release|Any CPU
		{52B95794-FB21-4063-8571-B46CE22F3491}.Release|x86.Build.0 = Release|Any CPU
		{52B95794-FB21-4063-8571-B46CE22F3491}.Release|x86.Deploy.0 = Release|Any CPU
		{52B95794-FB21-4063-8571-B46CE22F3491}.ReleaseSideScroller|Any CPU.ActiveCfg = Release|Any CPU
		{52B95794-FB21-4063-8571-B46CE22F3491}.ReleaseSideScroller|Any CPU.Build.0 = Release|Any CPU
		{52B95794-FB21-4063-8571-B46CE22F3491}.ReleaseSideScroller|Any CPU.Deploy.0 = Release|Any CPU
		{52B95794-FB21-4063-8571-B46CE22F3491}.ReleaseSideScroller|x86.ActiveCfg = Release|Any CPU
		{52B95794-FB21-4063-8571-B46CE22F3491}.ReleaseSideScroller|x86.Build.0 = Release|Any CPU
		{52B95794-FB21-4063-8571-B46CE22F3491}.ReleaseSideScroller|x86.Deploy.0 = Release|Any CPU
		{0FB0E89E-E80F-4236-AB8F-A9A78A3E5C9D}.Debug|Any CPU.ActiveCfg = Debug|Any CPU
		{0FB0E89E-E80F-4236-AB8F-A9A78A3E5C9D}.Debug|Any CPU.Build.0 = Debug|Any CPU
		{0FB0E89E-E80F-4236-AB8F-A9A78A3E5C9D}.Debug|x86.ActiveCfg = Debug|Any CPU
		{0FB0E89E-E80F-4236-AB8F-A9A78A3E5C9D}.Debug|x86.Build.0 = Debug|Any CPU
		{0FB0E89E-E80F-4236-AB8F-A9A78A3E5C9D}.DebugSideScroller|Any CPU.ActiveCfg = Debug|Any CPU
		{0FB0E89E-E80F-4236-AB8F-A9A78A3E5C9D}.DebugSideScroller|Any CPU.Build.0 = Debug|Any CPU
		{0FB0E89E-E80F-4236-AB8F-A9A78A3E5C9D}.DebugSideScroller|x86.ActiveCfg = Debug|Any CPU
		{0FB0E89E-E80F-4236-AB8F-A9A78A3E5C9D}.DebugSideScroller|x86.Build.0 = Debug|Any CPU
		{0FB0E89E-E80F-4236-AB8F-A9A78A3E5C9D}.Mono|Any CPU.ActiveCfg = Release|Any CPU
		{0FB0E89E-E80F-4236-AB8F-A9A78A3E5C9D}.Mono|Any CPU.Build.0 = Release|Any CPU
		{0FB0E89E-E80F-4236-AB8F-A9A78A3E5C9D}.Mono|x86.ActiveCfg = Release|Any CPU
		{0FB0E89E-E80F-4236-AB8F-A9A78A3E5C9D}.Mono|x86.Build.0 = Release|Any CPU
		{0FB0E89E-E80F-4236-AB8F-A9A78A3E5C9D}.MonoSideScroller|Any CPU.ActiveCfg = Release|Any CPU
		{0FB0E89E-E80F-4236-AB8F-A9A78A3E5C9D}.MonoSideScroller|Any CPU.Build.0 = Release|Any CPU
		{0FB0E89E-E80F-4236-AB8F-A9A78A3E5C9D}.MonoSideScroller|x86.ActiveCfg = Release|Any CPU
		{0FB0E89E-E80F-4236-AB8F-A9A78A3E5C9D}.MonoSideScroller|x86.Build.0 = Release|Any CPU
		{0FB0E89E-E80F-4236-AB8F-A9A78A3E5C9D}.Release|Any CPU.ActiveCfg = Release|Any CPU
		{0FB0E89E-E80F-4236-AB8F-A9A78A3E5C9D}.Release|Any CPU.Build.0 = Release|Any CPU
		{0FB0E89E-E80F-4236-AB8F-A9A78A3E5C9D}.Release|x86.ActiveCfg = Release|Any CPU
		{0FB0E89E-E80F-4236-AB8F-A9A78A3E5C9D}.Release|x86.Build.0 = Release|Any CPU
		{0FB0E89E-E80F-4236-AB8F-A9A78A3E5C9D}.ReleaseSideScroller|Any CPU.ActiveCfg = Release|Any CPU
		{0FB0E89E-E80F-4236-AB8F-A9A78A3E5C9D}.ReleaseSideScroller|Any CPU.Build.0 = Release|Any CPU
		{0FB0E89E-E80F-4236-AB8F-A9A78A3E5C9D}.ReleaseSideScroller|x86.ActiveCfg = Release|Any CPU
		{0FB0E89E-E80F-4236-AB8F-A9A78A3E5C9D}.ReleaseSideScroller|x86.Build.0 = Release|Any CPU
		{0D1293D0-6423-462C-B2F9-A0AEF4DD38D0}.Debug|Any CPU.ActiveCfg = Debug|Any CPU
		{0D1293D0-6423-462C-B2F9-A0AEF4DD38D0}.Debug|Any CPU.Build.0 = Debug|Any CPU
		{0D1293D0-6423-462C-B2F9-A0AEF4DD38D0}.Debug|x86.ActiveCfg = Debug|Any CPU
		{0D1293D0-6423-462C-B2F9-A0AEF4DD38D0}.Debug|x86.Build.0 = Debug|Any CPU
		{0D1293D0-6423-462C-B2F9-A0AEF4DD38D0}.DebugSideScroller|Any CPU.ActiveCfg = Debug|Any CPU
		{0D1293D0-6423-462C-B2F9-A0AEF4DD38D0}.DebugSideScroller|Any CPU.Build.0 = Debug|Any CPU
		{0D1293D0-6423-462C-B2F9-A0AEF4DD38D0}.DebugSideScroller|x86.ActiveCfg = Debug|Any CPU
		{0D1293D0-6423-462C-B2F9-A0AEF4DD38D0}.DebugSideScroller|x86.Build.0 = Debug|Any CPU
		{0D1293D0-6423-462C-B2F9-A0AEF4DD38D0}.Mono|Any CPU.ActiveCfg = Debug|Any CPU
		{0D1293D0-6423-462C-B2F9-A0AEF4DD38D0}.Mono|Any CPU.Build.0 = Debug|Any CPU
		{0D1293D0-6423-462C-B2F9-A0AEF4DD38D0}.Mono|x86.ActiveCfg = Debug|Any CPU
		{0D1293D0-6423-462C-B2F9-A0AEF4DD38D0}.Mono|x86.Build.0 = Debug|Any CPU
		{0D1293D0-6423-462C-B2F9-A0AEF4DD38D0}.MonoSideScroller|Any CPU.ActiveCfg = Debug|Any CPU
		{0D1293D0-6423-462C-B2F9-A0AEF4DD38D0}.MonoSideScroller|Any CPU.Build.0 = Debug|Any CPU
		{0D1293D0-6423-462C-B2F9-A0AEF4DD38D0}.MonoSideScroller|x86.ActiveCfg = Debug|Any CPU
		{0D1293D0-6423-462C-B2F9-A0AEF4DD38D0}.MonoSideScroller|x86.Build.0 = Debug|Any CPU
		{0D1293D0-6423-462C-B2F9-A0AEF4DD38D0}.Release|Any CPU.ActiveCfg = Release|Any CPU
		{0D1293D0-6423-462C-B2F9-A0AEF4DD38D0}.Release|Any CPU.Build.0 = Release|Any CPU
		{0D1293D0-6423-462C-B2F9-A0AEF4DD38D0}.Release|x86.ActiveCfg = Release|Any CPU
		{0D1293D0-6423-462C-B2F9-A0AEF4DD38D0}.Release|x86.Build.0 = Release|Any CPU
		{0D1293D0-6423-462C-B2F9-A0AEF4DD38D0}.ReleaseSideScroller|Any CPU.ActiveCfg = Release|Any CPU
		{0D1293D0-6423-462C-B2F9-A0AEF4DD38D0}.ReleaseSideScroller|Any CPU.Build.0 = Release|Any CPU
		{0D1293D0-6423-462C-B2F9-A0AEF4DD38D0}.ReleaseSideScroller|x86.ActiveCfg = Release|Any CPU
		{0D1293D0-6423-462C-B2F9-A0AEF4DD38D0}.ReleaseSideScroller|x86.Build.0 = Release|Any CPU
		{764057EA-CFF6-47BF-B915-57FD5BC612A6}.Debug|Any CPU.ActiveCfg = Debug|Any CPU
		{764057EA-CFF6-47BF-B915-57FD5BC612A6}.Debug|Any CPU.Build.0 = Debug|Any CPU
		{764057EA-CFF6-47BF-B915-57FD5BC612A6}.Debug|x86.ActiveCfg = Debug|Any CPU
		{764057EA-CFF6-47BF-B915-57FD5BC612A6}.Debug|x86.Build.0 = Debug|Any CPU
		{764057EA-CFF6-47BF-B915-57FD5BC612A6}.DebugSideScroller|Any CPU.ActiveCfg = Debug|Any CPU
		{764057EA-CFF6-47BF-B915-57FD5BC612A6}.DebugSideScroller|Any CPU.Build.0 = Debug|Any CPU
		{764057EA-CFF6-47BF-B915-57FD5BC612A6}.DebugSideScroller|x86.ActiveCfg = Debug|Any CPU
		{764057EA-CFF6-47BF-B915-57FD5BC612A6}.DebugSideScroller|x86.Build.0 = Debug|Any CPU
		{764057EA-CFF6-47BF-B915-57FD5BC612A6}.Mono|Any CPU.ActiveCfg = Debug|Any CPU
		{764057EA-CFF6-47BF-B915-57FD5BC612A6}.Mono|Any CPU.Build.0 = Debug|Any CPU
		{764057EA-CFF6-47BF-B915-57FD5BC612A6}.Mono|x86.ActiveCfg = Debug|Any CPU
		{764057EA-CFF6-47BF-B915-57FD5BC612A6}.Mono|x86.Build.0 = Debug|Any CPU
		{764057EA-CFF6-47BF-B915-57FD5BC612A6}.MonoSideScroller|Any CPU.ActiveCfg = Debug|Any CPU
		{764057EA-CFF6-47BF-B915-57FD5BC612A6}.MonoSideScroller|Any CPU.Build.0 = Debug|Any CPU
		{764057EA-CFF6-47BF-B915-57FD5BC612A6}.MonoSideScroller|x86.ActiveCfg = Debug|Any CPU
		{764057EA-CFF6-47BF-B915-57FD5BC612A6}.MonoSideScroller|x86.Build.0 = Debug|Any CPU
		{764057EA-CFF6-47BF-B915-57FD5BC612A6}.Release|Any CPU.ActiveCfg = Release|Any CPU
		{764057EA-CFF6-47BF-B915-57FD5BC612A6}.Release|Any CPU.Build.0 = Release|Any CPU
		{764057EA-CFF6-47BF-B915-57FD5BC612A6}.Release|x86.ActiveCfg = Release|Any CPU
		{764057EA-CFF6-47BF-B915-57FD5BC612A6}.Release|x86.Build.0 = Release|Any CPU
		{764057EA-CFF6-47BF-B915-57FD5BC612A6}.ReleaseSideScroller|Any CPU.ActiveCfg = Release|Any CPU
		{764057EA-CFF6-47BF-B915-57FD5BC612A6}.ReleaseSideScroller|Any CPU.Build.0 = Release|Any CPU
		{764057EA-CFF6-47BF-B915-57FD5BC612A6}.ReleaseSideScroller|x86.ActiveCfg = Release|Any CPU
		{764057EA-CFF6-47BF-B915-57FD5BC612A6}.ReleaseSideScroller|x86.Build.0 = Release|Any CPU
		{DBCBE856-82CB-416E-ACCA-062972960958}.Debug|Any CPU.ActiveCfg = Debug|Any CPU
		{DBCBE856-82CB-416E-ACCA-062972960958}.Debug|Any CPU.Build.0 = Debug|Any CPU
		{DBCBE856-82CB-416E-ACCA-062972960958}.Debug|x86.ActiveCfg = Debug|Any CPU
		{DBCBE856-82CB-416E-ACCA-062972960958}.Debug|x86.Build.0 = Debug|Any CPU
		{DBCBE856-82CB-416E-ACCA-062972960958}.DebugSideScroller|Any CPU.ActiveCfg = Debug|Any CPU
		{DBCBE856-82CB-416E-ACCA-062972960958}.DebugSideScroller|Any CPU.Build.0 = Debug|Any CPU
		{DBCBE856-82CB-416E-ACCA-062972960958}.DebugSideScroller|x86.ActiveCfg = Debug|Any CPU
		{DBCBE856-82CB-416E-ACCA-062972960958}.DebugSideScroller|x86.Build.0 = Debug|Any CPU
		{DBCBE856-82CB-416E-ACCA-062972960958}.Mono|Any CPU.ActiveCfg = Debug|Any CPU
		{DBCBE856-82CB-416E-ACCA-062972960958}.Mono|Any CPU.Build.0 = Debug|Any CPU
		{DBCBE856-82CB-416E-ACCA-062972960958}.Mono|x86.ActiveCfg = Debug|Any CPU
		{DBCBE856-82CB-416E-ACCA-062972960958}.Mono|x86.Build.0 = Debug|Any CPU
		{DBCBE856-82CB-416E-ACCA-062972960958}.MonoSideScroller|Any CPU.ActiveCfg = Debug|Any CPU
		{DBCBE856-82CB-416E-ACCA-062972960958}.MonoSideScroller|Any CPU.Build.0 = Debug|Any CPU
		{DBCBE856-82CB-416E-ACCA-062972960958}.MonoSideScroller|x86.ActiveCfg = Debug|Any CPU
		{DBCBE856-82CB-416E-ACCA-062972960958}.MonoSideScroller|x86.Build.0 = Debug|Any CPU
		{DBCBE856-82CB-416E-ACCA-062972960958}.Release|Any CPU.ActiveCfg = Release|Any CPU
		{DBCBE856-82CB-416E-ACCA-062972960958}.Release|Any CPU.Build.0 = Release|Any CPU
		{DBCBE856-82CB-416E-ACCA-062972960958}.Release|x86.ActiveCfg = Release|Any CPU
		{DBCBE856-82CB-416E-ACCA-062972960958}.Release|x86.Build.0 = Release|Any CPU
		{DBCBE856-82CB-416E-ACCA-062972960958}.ReleaseSideScroller|Any CPU.ActiveCfg = Release|Any CPU
		{DBCBE856-82CB-416E-ACCA-062972960958}.ReleaseSideScroller|Any CPU.Build.0 = Release|Any CPU
		{DBCBE856-82CB-416E-ACCA-062972960958}.ReleaseSideScroller|x86.ActiveCfg = Release|Any CPU
		{DBCBE856-82CB-416E-ACCA-062972960958}.ReleaseSideScroller|x86.Build.0 = Release|Any CPU
		{99112E32-DE1D-41A7-8518-BBB488ACA05C}.Debug|Any CPU.ActiveCfg = Debug|Any CPU
		{99112E32-DE1D-41A7-8518-BBB488ACA05C}.Debug|Any CPU.Build.0 = Debug|Any CPU
		{99112E32-DE1D-41A7-8518-BBB488ACA05C}.Debug|x86.ActiveCfg = Debug|Any CPU
		{99112E32-DE1D-41A7-8518-BBB488ACA05C}.Debug|x86.Build.0 = Debug|Any CPU
		{99112E32-DE1D-41A7-8518-BBB488ACA05C}.DebugSideScroller|Any CPU.ActiveCfg = Debug|Any CPU
		{99112E32-DE1D-41A7-8518-BBB488ACA05C}.DebugSideScroller|Any CPU.Build.0 = Debug|Any CPU
		{99112E32-DE1D-41A7-8518-BBB488ACA05C}.DebugSideScroller|x86.ActiveCfg = Debug|Any CPU
		{99112E32-DE1D-41A7-8518-BBB488ACA05C}.DebugSideScroller|x86.Build.0 = Debug|Any CPU
		{99112E32-DE1D-41A7-8518-BBB488ACA05C}.Mono|Any CPU.ActiveCfg = Debug|Any CPU
		{99112E32-DE1D-41A7-8518-BBB488ACA05C}.Mono|Any CPU.Build.0 = Debug|Any CPU
		{99112E32-DE1D-41A7-8518-BBB488ACA05C}.Mono|x86.ActiveCfg = Debug|Any CPU
		{99112E32-DE1D-41A7-8518-BBB488ACA05C}.Mono|x86.Build.0 = Debug|Any CPU
		{99112E32-DE1D-41A7-8518-BBB488ACA05C}.MonoSideScroller|Any CPU.ActiveCfg = Debug|Any CPU
		{99112E32-DE1D-41A7-8518-BBB488ACA05C}.MonoSideScroller|Any CPU.Build.0 = Debug|Any CPU
		{99112E32-DE1D-41A7-8518-BBB488ACA05C}.MonoSideScroller|x86.ActiveCfg = Debug|Any CPU
		{99112E32-DE1D-41A7-8518-BBB488ACA05C}.MonoSideScroller|x86.Build.0 = Debug|Any CPU
		{99112E32-DE1D-41A7-8518-BBB488ACA05C}.Release|Any CPU.ActiveCfg = Release|Any CPU
		{99112E32-DE1D-41A7-8518-BBB488ACA05C}.Release|Any CPU.Build.0 = Release|Any CPU
		{99112E32-DE1D-41A7-8518-BBB488ACA05C}.Release|x86.ActiveCfg = Release|Any CPU
		{99112E32-DE1D-41A7-8518-BBB488ACA05C}.Release|x86.Build.0 = Release|Any CPU
		{99112E32-DE1D-41A7-8518-BBB488ACA05C}.ReleaseSideScroller|Any CPU.ActiveCfg = Release|Any CPU
		{99112E32-DE1D-41A7-8518-BBB488ACA05C}.ReleaseSideScroller|Any CPU.Build.0 = Release|Any CPU
		{99112E32-DE1D-41A7-8518-BBB488ACA05C}.ReleaseSideScroller|x86.ActiveCfg = Release|Any CPU
		{99112E32-DE1D-41A7-8518-BBB488ACA05C}.ReleaseSideScroller|x86.Build.0 = Release|Any CPU
		{CD2BBA85-8058-4221-AF38-A1995D3E420B}.Debug|Any CPU.ActiveCfg = Debug|Any CPU
		{CD2BBA85-8058-4221-AF38-A1995D3E420B}.Debug|Any CPU.Build.0 = Debug|Any CPU
		{CD2BBA85-8058-4221-AF38-A1995D3E420B}.Debug|x86.ActiveCfg = Debug|Any CPU
		{CD2BBA85-8058-4221-AF38-A1995D3E420B}.Debug|x86.Build.0 = Debug|Any CPU
		{CD2BBA85-8058-4221-AF38-A1995D3E420B}.DebugSideScroller|Any CPU.ActiveCfg = Debug|Any CPU
		{CD2BBA85-8058-4221-AF38-A1995D3E420B}.DebugSideScroller|Any CPU.Build.0 = Debug|Any CPU
		{CD2BBA85-8058-4221-AF38-A1995D3E420B}.DebugSideScroller|x86.ActiveCfg = Debug|Any CPU
		{CD2BBA85-8058-4221-AF38-A1995D3E420B}.DebugSideScroller|x86.Build.0 = Debug|Any CPU
		{CD2BBA85-8058-4221-AF38-A1995D3E420B}.Mono|Any CPU.ActiveCfg = Debug|Any CPU
		{CD2BBA85-8058-4221-AF38-A1995D3E420B}.Mono|Any CPU.Build.0 = Debug|Any CPU
		{CD2BBA85-8058-4221-AF38-A1995D3E420B}.Mono|x86.ActiveCfg = Debug|Any CPU
		{CD2BBA85-8058-4221-AF38-A1995D3E420B}.Mono|x86.Build.0 = Debug|Any CPU
		{CD2BBA85-8058-4221-AF38-A1995D3E420B}.MonoSideScroller|Any CPU.ActiveCfg = Debug|Any CPU
		{CD2BBA85-8058-4221-AF38-A1995D3E420B}.MonoSideScroller|Any CPU.Build.0 = Debug|Any CPU
		{CD2BBA85-8058-4221-AF38-A1995D3E420B}.MonoSideScroller|x86.ActiveCfg = Debug|Any CPU
		{CD2BBA85-8058-4221-AF38-A1995D3E420B}.MonoSideScroller|x86.Build.0 = Debug|Any CPU
		{CD2BBA85-8058-4221-AF38-A1995D3E420B}.Release|Any CPU.ActiveCfg = Release|Any CPU
		{CD2BBA85-8058-4221-AF38-A1995D3E420B}.Release|Any CPU.Build.0 = Release|Any CPU
		{CD2BBA85-8058-4221-AF38-A1995D3E420B}.Release|x86.ActiveCfg = Release|Any CPU
		{CD2BBA85-8058-4221-AF38-A1995D3E420B}.Release|x86.Build.0 = Release|Any CPU
		{CD2BBA85-8058-4221-AF38-A1995D3E420B}.ReleaseSideScroller|Any CPU.ActiveCfg = Release|Any CPU
		{CD2BBA85-8058-4221-AF38-A1995D3E420B}.ReleaseSideScroller|Any CPU.Build.0 = Release|Any CPU
		{CD2BBA85-8058-4221-AF38-A1995D3E420B}.ReleaseSideScroller|x86.ActiveCfg = Release|Any CPU
		{CD2BBA85-8058-4221-AF38-A1995D3E420B}.ReleaseSideScroller|x86.Build.0 = Release|Any CPU
		{66BDA245-D5D4-4DE7-84E6-A6825E056D22}.Debug|Any CPU.ActiveCfg = Debug|Any CPU
		{66BDA245-D5D4-4DE7-84E6-A6825E056D22}.Debug|Any CPU.Build.0 = Debug|Any CPU
		{66BDA245-D5D4-4DE7-84E6-A6825E056D22}.Debug|x86.ActiveCfg = Debug|Any CPU
		{66BDA245-D5D4-4DE7-84E6-A6825E056D22}.Debug|x86.Build.0 = Debug|Any CPU
		{66BDA245-D5D4-4DE7-84E6-A6825E056D22}.DebugSideScroller|Any CPU.ActiveCfg = Debug|Any CPU
		{66BDA245-D5D4-4DE7-84E6-A6825E056D22}.DebugSideScroller|Any CPU.Build.0 = Debug|Any CPU
		{66BDA245-D5D4-4DE7-84E6-A6825E056D22}.DebugSideScroller|x86.ActiveCfg = Debug|Any CPU
		{66BDA245-D5D4-4DE7-84E6-A6825E056D22}.DebugSideScroller|x86.Build.0 = Debug|Any CPU
		{66BDA245-D5D4-4DE7-84E6-A6825E056D22}.Mono|Any CPU.ActiveCfg = Debug|Any CPU
		{66BDA245-D5D4-4DE7-84E6-A6825E056D22}.Mono|Any CPU.Build.0 = Debug|Any CPU
		{66BDA245-D5D4-4DE7-84E6-A6825E056D22}.Mono|x86.ActiveCfg = Debug|Any CPU
		{66BDA245-D5D4-4DE7-84E6-A6825E056D22}.Mono|x86.Build.0 = Debug|Any CPU
		{66BDA245-D5D4-4DE7-84E6-A6825E056D22}.MonoSideScroller|Any CPU.ActiveCfg = Debug|Any CPU
		{66BDA245-D5D4-4DE7-84E6-A6825E056D22}.MonoSideScroller|Any CPU.Build.0 = Debug|Any CPU
		{66BDA245-D5D4-4DE7-84E6-A6825E056D22}.MonoSideScroller|x86.ActiveCfg = Debug|Any CPU
		{66BDA245-D5D4-4DE7-84E6-A6825E056D22}.MonoSideScroller|x86.Build.0 = Debug|Any CPU
		{66BDA245-D5D4-4DE7-84E6-A6825E056D22}.Release|Any CPU.ActiveCfg = Release|Any CPU
		{66BDA245-D5D4-4DE7-84E6-A6825E056D22}.Release|Any CPU.Build.0 = Release|Any CPU
		{66BDA245-D5D4-4DE7-84E6-A6825E056D22}.Release|x86.ActiveCfg = Release|Any CPU
		{66BDA245-D5D4-4DE7-84E6-A6825E056D22}.Release|x86.Build.0 = Release|Any CPU
		{66BDA245-D5D4-4DE7-84E6-A6825E056D22}.ReleaseSideScroller|Any CPU.ActiveCfg = Release|Any CPU
		{66BDA245-D5D4-4DE7-84E6-A6825E056D22}.ReleaseSideScroller|Any CPU.Build.0 = Release|Any CPU
		{66BDA245-D5D4-4DE7-84E6-A6825E056D22}.ReleaseSideScroller|x86.ActiveCfg = Release|Any CPU
		{66BDA245-D5D4-4DE7-84E6-A6825E056D22}.ReleaseSideScroller|x86.Build.0 = Release|Any CPU
		{52A24781-FBBB-49E0-98FF-763CB321DF27}.Debug|Any CPU.ActiveCfg = Debug|Any CPU
		{52A24781-FBBB-49E0-98FF-763CB321DF27}.Debug|Any CPU.Build.0 = Debug|Any CPU
		{52A24781-FBBB-49E0-98FF-763CB321DF27}.Debug|x86.ActiveCfg = Debug|Any CPU
		{52A24781-FBBB-49E0-98FF-763CB321DF27}.Debug|x86.Build.0 = Debug|Any CPU
		{52A24781-FBBB-49E0-98FF-763CB321DF27}.DebugSideScroller|Any CPU.ActiveCfg = Debug|Any CPU
		{52A24781-FBBB-49E0-98FF-763CB321DF27}.DebugSideScroller|Any CPU.Build.0 = Debug|Any CPU
		{52A24781-FBBB-49E0-98FF-763CB321DF27}.DebugSideScroller|x86.ActiveCfg = Debug|Any CPU
		{52A24781-FBBB-49E0-98FF-763CB321DF27}.DebugSideScroller|x86.Build.0 = Debug|Any CPU
		{52A24781-FBBB-49E0-98FF-763CB321DF27}.Mono|Any CPU.ActiveCfg = Debug|Any CPU
		{52A24781-FBBB-49E0-98FF-763CB321DF27}.Mono|Any CPU.Build.0 = Debug|Any CPU
		{52A24781-FBBB-49E0-98FF-763CB321DF27}.Mono|x86.ActiveCfg = Debug|Any CPU
		{52A24781-FBBB-49E0-98FF-763CB321DF27}.Mono|x86.Build.0 = Debug|Any CPU
		{52A24781-FBBB-49E0-98FF-763CB321DF27}.MonoSideScroller|Any CPU.ActiveCfg = Debug|Any CPU
		{52A24781-FBBB-49E0-98FF-763CB321DF27}.MonoSideScroller|Any CPU.Build.0 = Debug|Any CPU
		{52A24781-FBBB-49E0-98FF-763CB321DF27}.MonoSideScroller|x86.ActiveCfg = Debug|Any CPU
		{52A24781-FBBB-49E0-98FF-763CB321DF27}.MonoSideScroller|x86.Build.0 = Debug|Any CPU
		{52A24781-FBBB-49E0-98FF-763CB321DF27}.Release|Any CPU.ActiveCfg = Release|Any CPU
		{52A24781-FBBB-49E0-98FF-763CB321DF27}.Release|Any CPU.Build.0 = Release|Any CPU
		{52A24781-FBBB-49E0-98FF-763CB321DF27}.Release|x86.ActiveCfg = Release|Any CPU
		{52A24781-FBBB-49E0-98FF-763CB321DF27}.Release|x86.Build.0 = Release|Any CPU
		{52A24781-FBBB-49E0-98FF-763CB321DF27}.ReleaseSideScroller|Any CPU.ActiveCfg = Release|Any CPU
		{52A24781-FBBB-49E0-98FF-763CB321DF27}.ReleaseSideScroller|Any CPU.Build.0 = Release|Any CPU
		{52A24781-FBBB-49E0-98FF-763CB321DF27}.ReleaseSideScroller|x86.ActiveCfg = Release|Any CPU
		{52A24781-FBBB-49E0-98FF-763CB321DF27}.ReleaseSideScroller|x86.Build.0 = Release|Any CPU
		{43438171-A071-4ED9-8C14-BCBCD3412183}.Debug|Any CPU.ActiveCfg = Debug|Any CPU
		{43438171-A071-4ED9-8C14-BCBCD3412183}.Debug|Any CPU.Build.0 = Debug|Any CPU
		{43438171-A071-4ED9-8C14-BCBCD3412183}.Debug|x86.ActiveCfg = Debug|Any CPU
		{43438171-A071-4ED9-8C14-BCBCD3412183}.Debug|x86.Build.0 = Debug|Any CPU
		{43438171-A071-4ED9-8C14-BCBCD3412183}.DebugSideScroller|Any CPU.ActiveCfg = Debug|Any CPU
		{43438171-A071-4ED9-8C14-BCBCD3412183}.DebugSideScroller|Any CPU.Build.0 = Debug|Any CPU
		{43438171-A071-4ED9-8C14-BCBCD3412183}.DebugSideScroller|x86.ActiveCfg = Debug|Any CPU
		{43438171-A071-4ED9-8C14-BCBCD3412183}.DebugSideScroller|x86.Build.0 = Debug|Any CPU
		{43438171-A071-4ED9-8C14-BCBCD3412183}.Mono|Any CPU.ActiveCfg = Debug|Any CPU
		{43438171-A071-4ED9-8C14-BCBCD3412183}.Mono|Any CPU.Build.0 = Debug|Any CPU
		{43438171-A071-4ED9-8C14-BCBCD3412183}.Mono|x86.ActiveCfg = Debug|Any CPU
		{43438171-A071-4ED9-8C14-BCBCD3412183}.Mono|x86.Build.0 = Debug|Any CPU
		{43438171-A071-4ED9-8C14-BCBCD3412183}.MonoSideScroller|Any CPU.ActiveCfg = Debug|Any CPU
		{43438171-A071-4ED9-8C14-BCBCD3412183}.MonoSideScroller|Any CPU.Build.0 = Debug|Any CPU
		{43438171-A071-4ED9-8C14-BCBCD3412183}.MonoSideScroller|x86.ActiveCfg = Debug|Any CPU
		{43438171-A071-4ED9-8C14-BCBCD3412183}.MonoSideScroller|x86.Build.0 = Debug|Any CPU
		{43438171-A071-4ED9-8C14-BCBCD3412183}.Release|Any CPU.ActiveCfg = Release|Any CPU
		{43438171-A071-4ED9-8C14-BCBCD3412183}.Release|Any CPU.Build.0 = Release|Any CPU
		{43438171-A071-4ED9-8C14-BCBCD3412183}.Release|x86.ActiveCfg = Release|Any CPU
		{43438171-A071-4ED9-8C14-BCBCD3412183}.Release|x86.Build.0 = Release|Any CPU
		{43438171-A071-4ED9-8C14-BCBCD3412183}.ReleaseSideScroller|Any CPU.ActiveCfg = Release|Any CPU
		{43438171-A071-4ED9-8C14-BCBCD3412183}.ReleaseSideScroller|Any CPU.Build.0 = Release|Any CPU
		{43438171-A071-4ED9-8C14-BCBCD3412183}.ReleaseSideScroller|x86.ActiveCfg = Release|Any CPU
		{43438171-A071-4ED9-8C14-BCBCD3412183}.ReleaseSideScroller|x86.Build.0 = Release|Any CPU
		{ED6F321F-5213-4A26-A477-50DA7F6C23F7}.Debug|Any CPU.ActiveCfg = Debug|Any CPU
		{ED6F321F-5213-4A26-A477-50DA7F6C23F7}.Debug|Any CPU.Build.0 = Debug|Any CPU
		{ED6F321F-5213-4A26-A477-50DA7F6C23F7}.Debug|x86.ActiveCfg = Debug|Any CPU
		{ED6F321F-5213-4A26-A477-50DA7F6C23F7}.Debug|x86.Build.0 = Debug|Any CPU
		{ED6F321F-5213-4A26-A477-50DA7F6C23F7}.DebugSideScroller|Any CPU.ActiveCfg = Debug|Any CPU
		{ED6F321F-5213-4A26-A477-50DA7F6C23F7}.DebugSideScroller|Any CPU.Build.0 = Debug|Any CPU
		{ED6F321F-5213-4A26-A477-50DA7F6C23F7}.DebugSideScroller|x86.ActiveCfg = Debug|Any CPU
		{ED6F321F-5213-4A26-A477-50DA7F6C23F7}.DebugSideScroller|x86.Build.0 = Debug|Any CPU
		{ED6F321F-5213-4A26-A477-50DA7F6C23F7}.Mono|Any CPU.ActiveCfg = Debug|Any CPU
		{ED6F321F-5213-4A26-A477-50DA7F6C23F7}.Mono|Any CPU.Build.0 = Debug|Any CPU
		{ED6F321F-5213-4A26-A477-50DA7F6C23F7}.Mono|x86.ActiveCfg = Debug|Any CPU
		{ED6F321F-5213-4A26-A477-50DA7F6C23F7}.Mono|x86.Build.0 = Debug|Any CPU
		{ED6F321F-5213-4A26-A477-50DA7F6C23F7}.MonoSideScroller|Any CPU.ActiveCfg = Debug|Any CPU
		{ED6F321F-5213-4A26-A477-50DA7F6C23F7}.MonoSideScroller|Any CPU.Build.0 = Debug|Any CPU
		{ED6F321F-5213-4A26-A477-50DA7F6C23F7}.MonoSideScroller|x86.ActiveCfg = Debug|Any CPU
		{ED6F321F-5213-4A26-A477-50DA7F6C23F7}.MonoSideScroller|x86.Build.0 = Debug|Any CPU
		{ED6F321F-5213-4A26-A477-50DA7F6C23F7}.Release|Any CPU.ActiveCfg = Release|Any CPU
		{ED6F321F-5213-4A26-A477-50DA7F6C23F7}.Release|Any CPU.Build.0 = Release|Any CPU
		{ED6F321F-5213-4A26-A477-50DA7F6C23F7}.Release|x86.ActiveCfg = Release|Any CPU
		{ED6F321F-5213-4A26-A477-50DA7F6C23F7}.Release|x86.Build.0 = Release|Any CPU
		{ED6F321F-5213-4A26-A477-50DA7F6C23F7}.ReleaseSideScroller|Any CPU.ActiveCfg = Release|Any CPU
		{ED6F321F-5213-4A26-A477-50DA7F6C23F7}.ReleaseSideScroller|Any CPU.Build.0 = Release|Any CPU
		{ED6F321F-5213-4A26-A477-50DA7F6C23F7}.ReleaseSideScroller|x86.ActiveCfg = Release|Any CPU
		{ED6F321F-5213-4A26-A477-50DA7F6C23F7}.ReleaseSideScroller|x86.Build.0 = Release|Any CPU
		{D145D6DF-BD88-4B58-A174-658F375A1D2F}.Debug|Any CPU.ActiveCfg = Debug|Any CPU
		{D145D6DF-BD88-4B58-A174-658F375A1D2F}.Debug|Any CPU.Build.0 = Debug|Any CPU
		{D145D6DF-BD88-4B58-A174-658F375A1D2F}.Debug|x86.ActiveCfg = Debug|Any CPU
		{D145D6DF-BD88-4B58-A174-658F375A1D2F}.Debug|x86.Build.0 = Debug|Any CPU
		{D145D6DF-BD88-4B58-A174-658F375A1D2F}.DebugSideScroller|Any CPU.ActiveCfg = Debug|Any CPU
		{D145D6DF-BD88-4B58-A174-658F375A1D2F}.DebugSideScroller|Any CPU.Build.0 = Debug|Any CPU
		{D145D6DF-BD88-4B58-A174-658F375A1D2F}.DebugSideScroller|x86.ActiveCfg = Debug|Any CPU
		{D145D6DF-BD88-4B58-A174-658F375A1D2F}.DebugSideScroller|x86.Build.0 = Debug|Any CPU
		{D145D6DF-BD88-4B58-A174-658F375A1D2F}.Mono|Any CPU.ActiveCfg = Debug|Any CPU
		{D145D6DF-BD88-4B58-A174-658F375A1D2F}.Mono|Any CPU.Build.0 = Debug|Any CPU
		{D145D6DF-BD88-4B58-A174-658F375A1D2F}.Mono|x86.ActiveCfg = Debug|Any CPU
		{D145D6DF-BD88-4B58-A174-658F375A1D2F}.Mono|x86.Build.0 = Debug|Any CPU
		{D145D6DF-BD88-4B58-A174-658F375A1D2F}.MonoSideScroller|Any CPU.ActiveCfg = Debug|Any CPU
		{D145D6DF-BD88-4B58-A174-658F375A1D2F}.MonoSideScroller|Any CPU.Build.0 = Debug|Any CPU
		{D145D6DF-BD88-4B58-A174-658F375A1D2F}.MonoSideScroller|x86.ActiveCfg = Debug|Any CPU
		{D145D6DF-BD88-4B58-A174-658F375A1D2F}.MonoSideScroller|x86.Build.0 = Debug|Any CPU
		{D145D6DF-BD88-4B58-A174-658F375A1D2F}.Release|Any CPU.ActiveCfg = Release|Any CPU
		{D145D6DF-BD88-4B58-A174-658F375A1D2F}.Release|Any CPU.Build.0 = Release|Any CPU
		{D145D6DF-BD88-4B58-A174-658F375A1D2F}.Release|x86.ActiveCfg = Release|Any CPU
		{D145D6DF-BD88-4B58-A174-658F375A1D2F}.Release|x86.Build.0 = Release|Any CPU
		{D145D6DF-BD88-4B58-A174-658F375A1D2F}.ReleaseSideScroller|Any CPU.ActiveCfg = Release|Any CPU
		{D145D6DF-BD88-4B58-A174-658F375A1D2F}.ReleaseSideScroller|Any CPU.Build.0 = Release|Any CPU
		{D145D6DF-BD88-4B58-A174-658F375A1D2F}.ReleaseSideScroller|x86.ActiveCfg = Release|Any CPU
		{D145D6DF-BD88-4B58-A174-658F375A1D2F}.ReleaseSideScroller|x86.Build.0 = Release|Any CPU
	EndGlobalSection
	GlobalSection(SolutionProperties) = preSolution
		HideSolutionNode = FALSE
	EndGlobalSection
	GlobalSection(NestedProjects) = preSolution
		{25BDAE41-4A45-40A8-B151-3D78BAD33194} = {4159F626-1320-47F6-81AD-92EA1677B4C7}
		{24064304-FA4C-4D43-8CC8-02D671AA6D45} = {4159F626-1320-47F6-81AD-92EA1677B4C7}
		{EC368F4C-C405-4896-A8B6-5382D99F4B24} = {1A734E0C-58C2-4EEB-9171-67E0ECFC6839}
		{0F0AFA2F-8DDA-4B65-A1EC-63A556144310} = {4159F626-1320-47F6-81AD-92EA1677B4C7}
		{EB46B55E-A698-42C4-B946-D7D9BBE62365} = {4159F626-1320-47F6-81AD-92EA1677B4C7}
		{42EC4521-DFE5-4FD7-B329-E98B425052D2} = {3C85DBFE-6EF8-4287-82A4-0FB53ED21679}
		{52B95794-FB21-4063-8571-B46CE22F3491} = {1A734E0C-58C2-4EEB-9171-67E0ECFC6839}
		{0FB0E89E-E80F-4236-AB8F-A9A78A3E5C9D} = {1A734E0C-58C2-4EEB-9171-67E0ECFC6839}
		{0D1293D0-6423-462C-B2F9-A0AEF4DD38D0} = {4159F626-1320-47F6-81AD-92EA1677B4C7}
		{764057EA-CFF6-47BF-B915-57FD5BC612A6} = {B55EA104-3A3C-4E6E-A0FB-38038D40758E}
		{DBCBE856-82CB-416E-ACCA-062972960958} = {B55EA104-3A3C-4E6E-A0FB-38038D40758E}
		{99112E32-DE1D-41A7-8518-BBB488ACA05C} = {B55EA104-3A3C-4E6E-A0FB-38038D40758E}
		{CD2BBA85-8058-4221-AF38-A1995D3E420B} = {B55EA104-3A3C-4E6E-A0FB-38038D40758E}
		{66BDA245-D5D4-4DE7-84E6-A6825E056D22} = {4159F626-1320-47F6-81AD-92EA1677B4C7}
		{52A24781-FBBB-49E0-98FF-763CB321DF27} = {B55EA104-3A3C-4E6E-A0FB-38038D40758E}
		{43438171-A071-4ED9-8C14-BCBCD3412183} = {B55EA104-3A3C-4E6E-A0FB-38038D40758E}
		{ED6F321F-5213-4A26-A477-50DA7F6C23F7} = {B55EA104-3A3C-4E6E-A0FB-38038D40758E}
		{D145D6DF-BD88-4B58-A174-658F375A1D2F} = {B55EA104-3A3C-4E6E-A0FB-38038D40758E}
	EndGlobalSection
	GlobalSection(ExtensibilityGlobals) = postSolution
		SolutionGuid = {F07D04A7-49FD-4557-A419-76B85364DE72}
	EndGlobalSection
EndGlobal
